// !$*UTF8*$!
{
	archiveVersion = 1;
	classes = {
	};
	objectVersion = 46;
	objects = {

/* Begin PBXBuildFile section */
		26E53943AD4503D45E53BE0D /* libPods-MentalSnapp.a in Frameworks */ = {isa = PBXBuildFile; fileRef = 16BE09BFE2D2D9B160A61EE5 /* libPods-MentalSnapp.a */; };
		5C5309E01DE6C865005E14A4 /* LoginRequest.m in Sources */ = {isa = PBXBuildFile; fileRef = 5C5309DF1DE6C865005E14A4 /* LoginRequest.m */; };
		5C545E7C1DF02035004610B0 /* ForgotPasswordFirstViewController.m in Sources */ = {isa = PBXBuildFile; fileRef = 5C545E7B1DF02035004610B0 /* ForgotPasswordFirstViewController.m */; };
		5C545E801DF02281004610B0 /* ForgotPasswordSecondViewController.m in Sources */ = {isa = PBXBuildFile; fileRef = 5C545E7F1DF02281004610B0 /* ForgotPasswordSecondViewController.m */; };
		5C7BE3C41DE8570100C15CB5 /* MainTabBarController.m in Sources */ = {isa = PBXBuildFile; fileRef = 5C7BE3C31DE8570100C15CB5 /* MainTabBarController.m */; };
		5C7BE3D01DE85BDC00C15CB5 /* MoreViewController.m in Sources */ = {isa = PBXBuildFile; fileRef = 5C7BE3CF1DE85BDC00C15CB5 /* MoreViewController.m */; };
		5C7BE3D41DE86F3900C15CB5 /* MoreTableViewCell.m in Sources */ = {isa = PBXBuildFile; fileRef = 5C7BE3D31DE86F3900C15CB5 /* MoreTableViewCell.m */; };
		5C7BE3D81DE882CC00C15CB5 /* ReportIssueViewController.m in Sources */ = {isa = PBXBuildFile; fileRef = 5C7BE3D71DE882CC00C15CB5 /* ReportIssueViewController.m */; };
		5C7BE3DC1DE8869700C15CB5 /* ExerciseViewController.m in Sources */ = {isa = PBXBuildFile; fileRef = 5C7BE3DB1DE8869700C15CB5 /* ExerciseViewController.m */; };
		5C7BE3DF1DE886BA00C15CB5 /* RecordViewController.m in Sources */ = {isa = PBXBuildFile; fileRef = 5C7BE3DE1DE886BA00C15CB5 /* RecordViewController.m */; };
		5C7BE3E21DE886D600C15CB5 /* StatsViewController.m in Sources */ = {isa = PBXBuildFile; fileRef = 5C7BE3E11DE886D600C15CB5 /* StatsViewController.m */; };
		5C7BE3E51DE8877400C15CB5 /* QueuedExercisesViewController.m in Sources */ = {isa = PBXBuildFile; fileRef = 5C7BE3E41DE8877400C15CB5 /* QueuedExercisesViewController.m */; };
		5C8A3A201DE5D04100706925 /* LoginViewController.m in Sources */ = {isa = PBXBuildFile; fileRef = 5C8A3A1F1DE5D04100706925 /* LoginViewController.m */; };
		5C8A3A261DE5D26300706925 /* Banner.m in Sources */ = {isa = PBXBuildFile; fileRef = 5C8A3A251DE5D26300706925 /* Banner.m */; };
		5C8A3A291DE5D5B800706925 /* UserModel.m in Sources */ = {isa = PBXBuildFile; fileRef = 5C8A3A281DE5D5B800706925 /* UserModel.m */; };
		5CC7CCAC1DE8476F00DC661F /* UserManager.m in Sources */ = {isa = PBXBuildFile; fileRef = 5CC7CCAB1DE8476F00DC661F /* UserManager.m */; };
		5CF694FD1DEDBED100F00EA2 /* SignUpViewController.m in Sources */ = {isa = PBXBuildFile; fileRef = 5CF694FC1DEDBED100F00EA2 /* SignUpViewController.m */; };
		6A1D50E11DE5792C0073F479 /* Info.plist in Sources */ = {isa = PBXBuildFile; fileRef = 6AAA013C1DE56F8600208022 /* Info.plist */; };
		6A1D50E21DE5793B0073F479 /* Info.plist in Sources */ = {isa = PBXBuildFile; fileRef = 6AAA01391DE56F8600208022 /* Info.plist */; };
		6A1D50E71DE57A140073F479 /* Info.plist in Resources */ = {isa = PBXBuildFile; fileRef = 6AAA01391DE56F8600208022 /* Info.plist */; };
		6A1D50E81DE57A170073F479 /* Info.plist in Resources */ = {isa = PBXBuildFile; fileRef = 6AAA013C1DE56F8600208022 /* Info.plist */; };
		6A1D50EF1DE57BEF0073F479 /* MentalSnappTests.m in Sources */ = {isa = PBXBuildFile; fileRef = 6A1D50EE1DE57BEF0073F479 /* MentalSnappTests.m */; };
		6A1D50F11DE57C520073F479 /* MentalSnappUITests.m in Sources */ = {isa = PBXBuildFile; fileRef = 6A1D50F01DE57C520073F479 /* MentalSnappUITests.m */; };
		6A24284A1DE814CD00FF15A9 /* ChangePasswordViewController.m in Sources */ = {isa = PBXBuildFile; fileRef = 6A2428491DE814CD00FF15A9 /* ChangePasswordViewController.m */; };
		6A288EBC1DED882200273CCC /* guidedExcerciseCellCollectionViewCell.m in Sources */ = {isa = PBXBuildFile; fileRef = 6A288EBB1DED882200273CCC /* guidedExcerciseCellCollectionViewCell.m */; };
		6A288EC51DED8BB100273CCC /* CommentsPaginate.m in Sources */ = {isa = PBXBuildFile; fileRef = 6A288EC01DED8BB100273CCC /* CommentsPaginate.m */; };
		6A288EC61DED8BB100273CCC /* DatePaginate.m in Sources */ = {isa = PBXBuildFile; fileRef = 6A288EC21DED8BB100273CCC /* DatePaginate.m */; };
		6A288EC71DED8BB100273CCC /* Paginate.m in Sources */ = {isa = PBXBuildFile; fileRef = 6A288EC41DED8BB100273CCC /* Paginate.m */; };
		6A3F7A6D1DEC69810070415C /* SupportScreenViewController.m in Sources */ = {isa = PBXBuildFile; fileRef = 6A3F7A6C1DEC69810070415C /* SupportScreenViewController.m */; };
		6A3F7A731DEC6F820070415C /* SupportRequest.m in Sources */ = {isa = PBXBuildFile; fileRef = 6A3F7A721DEC6F820070415C /* SupportRequest.m */; };
		6A3F7A761DEC6F920070415C /* SupportInterface.m in Sources */ = {isa = PBXBuildFile; fileRef = 6A3F7A751DEC6F920070415C /* SupportInterface.m */; };
		6A3F7A7C1DEC758C0070415C /* GZIP.m in Sources */ = {isa = PBXBuildFile; fileRef = 6A3F7A7B1DEC758C0070415C /* GZIP.m */; };
		6A63D1AB1DF00D2200B8E188 /* GuidedExcercise.m in Sources */ = {isa = PBXBuildFile; fileRef = 6A63D1AA1DF00D2200B8E188 /* GuidedExcercise.m */; };
		6A63D1B01DF025C600B8E188 /* ExcercixeInterface.m in Sources */ = {isa = PBXBuildFile; fileRef = 6A63D1AF1DF025C600B8E188 /* ExcercixeInterface.m */; };
		6A63D1B31DF0261A00B8E188 /* ExcerciseRequest.m in Sources */ = {isa = PBXBuildFile; fileRef = 6A63D1B21DF0261A00B8E188 /* ExcerciseRequest.m */; };
		6A7387E21DF1734200D3A981 /* SubCategoryTableViewCell.m in Sources */ = {isa = PBXBuildFile; fileRef = 6A7387E11DF1734200D3A981 /* SubCategoryTableViewCell.m */; };
		6A7D95B01DE6C5120065573E /* UserRequest.m in Sources */ = {isa = PBXBuildFile; fileRef = 6A7D95AF1DE6C5120065573E /* UserRequest.m */; };
		6A7D95BA1DE6CD6A0065573E /* UserInterface.m in Sources */ = {isa = PBXBuildFile; fileRef = 6A7D95B91DE6CD6A0065573E /* UserInterface.m */; };
		6A7D95EF1DE6FA050065573E /* Apache License.txt in Resources */ = {isa = PBXBuildFile; fileRef = 6A7D95E21DE6FA050065573E /* Apache License.txt */; };
		6A7D95F01DE6FA050065573E /* Roboto-Black.ttf in Resources */ = {isa = PBXBuildFile; fileRef = 6A7D95E31DE6FA050065573E /* Roboto-Black.ttf */; };
		6A7D95F11DE6FA050065573E /* Roboto-BlackItalic.ttf in Resources */ = {isa = PBXBuildFile; fileRef = 6A7D95E41DE6FA050065573E /* Roboto-BlackItalic.ttf */; };
		6A7D95F21DE6FA050065573E /* Roboto-Bold.ttf in Resources */ = {isa = PBXBuildFile; fileRef = 6A7D95E51DE6FA050065573E /* Roboto-Bold.ttf */; };
		6A7D95F31DE6FA050065573E /* Roboto-BoldItalic.ttf in Resources */ = {isa = PBXBuildFile; fileRef = 6A7D95E61DE6FA050065573E /* Roboto-BoldItalic.ttf */; };
		6A7D95F41DE6FA050065573E /* Roboto-Italic.ttf in Resources */ = {isa = PBXBuildFile; fileRef = 6A7D95E71DE6FA050065573E /* Roboto-Italic.ttf */; };
		6A7D95F51DE6FA050065573E /* Roboto-Light.ttf in Resources */ = {isa = PBXBuildFile; fileRef = 6A7D95E81DE6FA050065573E /* Roboto-Light.ttf */; };
		6A7D95F61DE6FA050065573E /* Roboto-LightItalic.ttf in Resources */ = {isa = PBXBuildFile; fileRef = 6A7D95E91DE6FA050065573E /* Roboto-LightItalic.ttf */; };
		6A7D95F71DE6FA050065573E /* Roboto-Medium.ttf in Resources */ = {isa = PBXBuildFile; fileRef = 6A7D95EA1DE6FA050065573E /* Roboto-Medium.ttf */; };
		6A7D95F81DE6FA050065573E /* Roboto-MediumItalic.ttf in Resources */ = {isa = PBXBuildFile; fileRef = 6A7D95EB1DE6FA050065573E /* Roboto-MediumItalic.ttf */; };
		6A7D95F91DE6FA050065573E /* Roboto-Regular.ttf in Resources */ = {isa = PBXBuildFile; fileRef = 6A7D95EC1DE6FA050065573E /* Roboto-Regular.ttf */; };
		6A7D95FA1DE6FA050065573E /* Roboto-Thin.ttf in Resources */ = {isa = PBXBuildFile; fileRef = 6A7D95ED1DE6FA050065573E /* Roboto-Thin.ttf */; };
		6A7D95FB1DE6FA050065573E /* Roboto-ThinItalic.ttf in Resources */ = {isa = PBXBuildFile; fileRef = 6A7D95EE1DE6FA050065573E /* Roboto-ThinItalic.ttf */; };
		6A98B1291DE5A3F4009F1412 /* ProfileStoryboard.storyboard in Resources */ = {isa = PBXBuildFile; fileRef = 6A98B1281DE5A3F4009F1412 /* ProfileStoryboard.storyboard */; };
		6A98B12E1DE5A463009F1412 /* ProfileViewController.m in Sources */ = {isa = PBXBuildFile; fileRef = 6A98B12D1DE5A463009F1412 /* ProfileViewController.m */; };
		6A98B1321DE5A4BA009F1412 /* MSViewController.m in Sources */ = {isa = PBXBuildFile; fileRef = 6A98B1311DE5A4BA009F1412 /* MSViewController.m */; };
		6AAA013E1DE56F8600208022 /* AppDelegate.m in Sources */ = {isa = PBXBuildFile; fileRef = 6AAA00D71DE56F8500208022 /* AppDelegate.m */; };
		6AAA013F1DE56F8600208022 /* Assets.xcassets in Resources */ = {isa = PBXBuildFile; fileRef = 6AAA00D81DE56F8500208022 /* Assets.xcassets */; };
		6AAA01401DE56F8600208022 /* Constants.m in Sources */ = {isa = PBXBuildFile; fileRef = 6AAA00DB1DE56F8500208022 /* Constants.m */; };
		6AAA01411DE56F8600208022 /* NSArray+Properties.m in Sources */ = {isa = PBXBuildFile; fileRef = 6AAA00DD1DE56F8500208022 /* NSArray+Properties.m */; };
		6AAA01421DE56F8600208022 /* NSDate+Properties.m in Sources */ = {isa = PBXBuildFile; fileRef = 6AAA00DF1DE56F8500208022 /* NSDate+Properties.m */; };
		6AAA01431DE56F8600208022 /* NSDictionary+Properties.m in Sources */ = {isa = PBXBuildFile; fileRef = 6AAA00E11DE56F8500208022 /* NSDictionary+Properties.m */; };
		6AAA01441DE56F8600208022 /* NSString+Properties.m in Sources */ = {isa = PBXBuildFile; fileRef = 6AAA00E31DE56F8500208022 /* NSString+Properties.m */; };
		6AAA01451DE56F8600208022 /* NSURL+Properties.m in Sources */ = {isa = PBXBuildFile; fileRef = 6AAA00E51DE56F8500208022 /* NSURL+Properties.m */; };
		6AAA01461DE56F8600208022 /* UIApplication+Properties.m in Sources */ = {isa = PBXBuildFile; fileRef = 6AAA00E71DE56F8500208022 /* UIApplication+Properties.m */; };
		6AAA01471DE56F8600208022 /* UIButton+Properties.m in Sources */ = {isa = PBXBuildFile; fileRef = 6AAA00E91DE56F8500208022 /* UIButton+Properties.m */; };
		6AAA01481DE56F8600208022 /* UIColor+Properties.m in Sources */ = {isa = PBXBuildFile; fileRef = 6AAA00EB1DE56F8500208022 /* UIColor+Properties.m */; };
		6AAA01491DE56F8600208022 /* UIFont+Properties.m in Sources */ = {isa = PBXBuildFile; fileRef = 6AAA00ED1DE56F8500208022 /* UIFont+Properties.m */; };
		6AAA014A1DE56F8600208022 /* UIImage+fixOrientation.m in Sources */ = {isa = PBXBuildFile; fileRef = 6AAA00EF1DE56F8500208022 /* UIImage+fixOrientation.m */; };
		6AAA014B1DE56F8600208022 /* UIImage+ImageBlur.m in Sources */ = {isa = PBXBuildFile; fileRef = 6AAA00F11DE56F8500208022 /* UIImage+ImageBlur.m */; };
		6AAA014C1DE56F8600208022 /* UIImage+ImageEffects.m in Sources */ = {isa = PBXBuildFile; fileRef = 6AAA00F31DE56F8500208022 /* UIImage+ImageEffects.m */; };
		6AAA014D1DE56F8600208022 /* UILabel+Properties.m in Sources */ = {isa = PBXBuildFile; fileRef = 6AAA00F51DE56F8500208022 /* UILabel+Properties.m */; };
		6AAA014E1DE56F8600208022 /* UIView+Badge.m in Sources */ = {isa = PBXBuildFile; fileRef = 6AAA00F71DE56F8500208022 /* UIView+Badge.m */; };
		6AAA014F1DE56F8600208022 /* UIView+LayerOperation.m in Sources */ = {isa = PBXBuildFile; fileRef = 6AAA00F91DE56F8500208022 /* UIView+LayerOperation.m */; };
		6AAA01501DE56F8600208022 /* UIView+ReFrame.m in Sources */ = {isa = PBXBuildFile; fileRef = 6AAA00FB1DE56F8500208022 /* UIView+ReFrame.m */; };
		6AAA01511DE56F8600208022 /* Util.m in Sources */ = {isa = PBXBuildFile; fileRef = 6AAA00FD1DE56F8500208022 /* Util.m */; };
		6AAA01531DE56F8600208022 /* NSObject+RMArchivable.m in Sources */ = {isa = PBXBuildFile; fileRef = 6AAA01021DE56F8500208022 /* NSObject+RMArchivable.m */; };
		6AAA01541DE56F8600208022 /* NSObject+RMCopyable.m in Sources */ = {isa = PBXBuildFile; fileRef = 6AAA01041DE56F8500208022 /* NSObject+RMCopyable.m */; };
		6AAA01551DE56F8600208022 /* NSUserDefaults+RMSaveCustomObject.m in Sources */ = {isa = PBXBuildFile; fileRef = 6AAA01061DE56F8500208022 /* NSUserDefaults+RMSaveCustomObject.m */; };
		6AAA01561DE56F8600208022 /* RMMapper.m in Sources */ = {isa = PBXBuildFile; fileRef = 6AAA01081DE56F8500208022 /* RMMapper.m */; };
		6AAA01571DE56F8600208022 /* main.m in Sources */ = {isa = PBXBuildFile; fileRef = 6AAA01091DE56F8500208022 /* main.m */; };
		6AAA01581DE56F8600208022 /* AppSettingsManager.m in Sources */ = {isa = PBXBuildFile; fileRef = 6AAA010C1DE56F8600208022 /* AppSettingsManager.m */; };
		6AAA01591DE56F8600208022 /* RemoteNotificationManager.m in Sources */ = {isa = PBXBuildFile; fileRef = 6AAA010E1DE56F8600208022 /* RemoteNotificationManager.m */; };
		6AAA015A1DE56F8600208022 /* SocialManager.m in Sources */ = {isa = PBXBuildFile; fileRef = 6AAA01101DE56F8600208022 /* SocialManager.m */; };
		6AAA015B1DE56F8600208022 /* APIInteractorProvider.m in Sources */ = {isa = PBXBuildFile; fileRef = 6AAA01161DE56F8600208022 /* APIInteractorProvider.m */; };
		6AAA015C1DE56F8600208022 /* NetworkHttpClient.m in Sources */ = {isa = PBXBuildFile; fileRef = 6AAA01181DE56F8600208022 /* NetworkHttpClient.m */; };
		6AAA015D1DE56F8600208022 /* RealAPI.m in Sources */ = {isa = PBXBuildFile; fileRef = 6AAA011A1DE56F8600208022 /* RealAPI.m */; };
		6AAA015E1DE56F8600208022 /* TestAPI.m in Sources */ = {isa = PBXBuildFile; fileRef = 6AAA011C1DE56F8600208022 /* TestAPI.m */; };
		6AAA015F1DE56F8600208022 /* RequestManager.m in Sources */ = {isa = PBXBuildFile; fileRef = 6AAA011F1DE56F8600208022 /* RequestManager.m */; };
		6AAA01601DE56F8600208022 /* Request.m in Sources */ = {isa = PBXBuildFile; fileRef = 6AAA01221DE56F8600208022 /* Request.m */; };
		6AAA01621DE56F8600208022 /* LoginInterface.m in Sources */ = {isa = PBXBuildFile; fileRef = 6AAA01271DE56F8600208022 /* LoginInterface.m */; };
		6AAA01631DE56F8600208022 /* ViewController.m in Sources */ = {isa = PBXBuildFile; fileRef = 6AAA012A1DE56F8600208022 /* ViewController.m */; };
		6AAA01641DE56F8600208022 /* AppSettings.plist in Resources */ = {isa = PBXBuildFile; fileRef = 6AAA012C1DE56F8600208022 /* AppSettings.plist */; };
		6AAA01651DE56F8600208022 /* Localizable.strings in Resources */ = {isa = PBXBuildFile; fileRef = 6AAA012D1DE56F8600208022 /* Localizable.strings */; };
		6AAA01671DE56F8600208022 /* LaunchScreen.storyboard in Resources */ = {isa = PBXBuildFile; fileRef = 6AAA01311DE56F8600208022 /* LaunchScreen.storyboard */; };
		6AAA01681DE56F8600208022 /* Main.storyboard in Resources */ = {isa = PBXBuildFile; fileRef = 6AAA01321DE56F8600208022 /* Main.storyboard */; };
		6AAA01691DE56F8600208022 /* AppSettings.m in Sources */ = {isa = PBXBuildFile; fileRef = 6AAA01351DE56F8600208022 /* AppSettings.m */; };
		6AAA016A1DE56F8600208022 /* TestModel.m in Sources */ = {isa = PBXBuildFile; fileRef = 6AAA01371DE56F8600208022 /* TestModel.m */; };
		6AC2A25F1DED848D00196FFA /* GuidedExcerciseViewController.m in Sources */ = {isa = PBXBuildFile; fileRef = 6AC2A25E1DED848D00196FFA /* GuidedExcerciseViewController.m */; };
		6AC2A9501DEED9FB009A21EF /* ExcerciseSubCategoryViewController.m in Sources */ = {isa = PBXBuildFile; fileRef = 6AC2A94F1DEED9FB009A21EF /* ExcerciseSubCategoryViewController.m */; };
		6AC660E61DE5740B00BB8949 /* .gitignore in Resources */ = {isa = PBXBuildFile; fileRef = 6AC660D41DE5740B00BB8949 /* .gitignore */; };
		6AC660E71DE5740B00BB8949 /* LICENSE.txt in Resources */ = {isa = PBXBuildFile; fileRef = 6AC660D51DE5740B00BB8949 /* LICENSE.txt */; };
		6AC660E81DE5740B00BB8949 /* README.md in Sources */ = {isa = PBXBuildFile; fileRef = 6AC660D61DE5740B00BB8949 /* README.md */; };
		6AC660E91DE5740B00BB8949 /* Lib.plist in Resources */ = {isa = PBXBuildFile; fileRef = 6AC660DA1DE5740B00BB8949 /* Lib.plist */; };
		6AC660EA1DE5740B00BB8949 /* SLog.m in Sources */ = {isa = PBXBuildFile; fileRef = 6AC660DC1DE5740B00BB8949 /* SLog.m */; };
		6AC660EB1DE5740B00BB8949 /* SMobiLogger.m in Sources */ = {isa = PBXBuildFile; fileRef = 6AC660DF1DE5740B00BB8949 /* SMobiLogger.m */; };
		6AC660EC1DE5740B00BB8949 /* SMobiLogger.xcdatamodeld in Sources */ = {isa = PBXBuildFile; fileRef = 6AC660E01DE5740B00BB8949 /* SMobiLogger.xcdatamodeld */; };
		6AC660ED1DE5740B00BB8949 /* SMobiLogger.podspec in Resources */ = {isa = PBXBuildFile; fileRef = 6AC660E21DE5740B00BB8949 /* SMobiLogger.podspec */; };
		6AC660F41DE576E500BB8949 /* MentalSnappTests.xctest in Resources */ = {isa = PBXBuildFile; fileRef = EECB25C11CF5AAF10012E315 /* MentalSnappTests.xctest */; };
		6AC660F51DE576E500BB8949 /* MentalSnappTests.xctest in Resources */ = {isa = PBXBuildFile; fileRef = EECB25C11CF5AAF10012E315 /* MentalSnappTests.xctest */; };
		EE5108D11CFEEEC200E8A3F9 /* Social.framework in Frameworks */ = {isa = PBXBuildFile; fileRef = EE5108D01CFEEEC200E8A3F9 /* Social.framework */; };
/* End PBXBuildFile section */

/* Begin PBXContainerItemProxy section */
		6AC660EF1DE5740C00BB8949 /* PBXContainerItemProxy */ = {
			isa = PBXContainerItemProxy;
			containerPortal = 6AC660E31DE5740B00BB8949 /* SMobiLogger.xcodeproj */;
			proxyType = 2;
			remoteGlobalIDString = 89B6FEDC1717F83900AAAEC2;
			remoteInfo = SMobiLogger;
		};
		EECB25C21CF5AAF10012E315 /* PBXContainerItemProxy */ = {
			isa = PBXContainerItemProxy;
			containerPortal = EECB259D1CF5AAF10012E315 /* Project object */;
			proxyType = 1;
			remoteGlobalIDString = EECB25A41CF5AAF10012E315;
			remoteInfo = Skeleton;
		};
		EECB25CD1CF5AAF10012E315 /* PBXContainerItemProxy */ = {
			isa = PBXContainerItemProxy;
			containerPortal = EECB259D1CF5AAF10012E315 /* Project object */;
			proxyType = 1;
			remoteGlobalIDString = EECB25A41CF5AAF10012E315;
			remoteInfo = Skeleton;
		};
/* End PBXContainerItemProxy section */

/* Begin PBXFileReference section */
		16BE09BFE2D2D9B160A61EE5 /* libPods-MentalSnapp.a */ = {isa = PBXFileReference; explicitFileType = archive.ar; includeInIndex = 0; path = "libPods-MentalSnapp.a"; sourceTree = BUILT_PRODUCTS_DIR; };
		2F7537821A7A1F2617B8A585 /* Pods-MentalSnapp.release.xcconfig */ = {isa = PBXFileReference; includeInIndex = 1; lastKnownFileType = text.xcconfig; name = "Pods-MentalSnapp.release.xcconfig"; path = "Pods/Target Support Files/Pods-MentalSnapp/Pods-MentalSnapp.release.xcconfig"; sourceTree = "<group>"; };
		5C5309DE1DE6C865005E14A4 /* LoginRequest.h */ = {isa = PBXFileReference; fileEncoding = 4; lastKnownFileType = sourcecode.c.h; path = LoginRequest.h; sourceTree = "<group>"; };
		5C5309DF1DE6C865005E14A4 /* LoginRequest.m */ = {isa = PBXFileReference; fileEncoding = 4; lastKnownFileType = sourcecode.c.objc; path = LoginRequest.m; sourceTree = "<group>"; };
		5C545E7A1DF02035004610B0 /* ForgotPasswordFirstViewController.h */ = {isa = PBXFileReference; fileEncoding = 4; lastKnownFileType = sourcecode.c.h; path = ForgotPasswordFirstViewController.h; sourceTree = "<group>"; };
		5C545E7B1DF02035004610B0 /* ForgotPasswordFirstViewController.m */ = {isa = PBXFileReference; fileEncoding = 4; lastKnownFileType = sourcecode.c.objc; path = ForgotPasswordFirstViewController.m; sourceTree = "<group>"; };
		5C545E7E1DF02281004610B0 /* ForgotPasswordSecondViewController.h */ = {isa = PBXFileReference; fileEncoding = 4; lastKnownFileType = sourcecode.c.h; path = ForgotPasswordSecondViewController.h; sourceTree = "<group>"; };
		5C545E7F1DF02281004610B0 /* ForgotPasswordSecondViewController.m */ = {isa = PBXFileReference; fileEncoding = 4; lastKnownFileType = sourcecode.c.objc; path = ForgotPasswordSecondViewController.m; sourceTree = "<group>"; };
		5C7BE3C21DE8570100C15CB5 /* MainTabBarController.h */ = {isa = PBXFileReference; fileEncoding = 4; lastKnownFileType = sourcecode.c.h; path = MainTabBarController.h; sourceTree = "<group>"; };
		5C7BE3C31DE8570100C15CB5 /* MainTabBarController.m */ = {isa = PBXFileReference; fileEncoding = 4; lastKnownFileType = sourcecode.c.objc; path = MainTabBarController.m; sourceTree = "<group>"; };
		5C7BE3CE1DE85BDC00C15CB5 /* MoreViewController.h */ = {isa = PBXFileReference; fileEncoding = 4; lastKnownFileType = sourcecode.c.h; path = MoreViewController.h; sourceTree = "<group>"; };
		5C7BE3CF1DE85BDC00C15CB5 /* MoreViewController.m */ = {isa = PBXFileReference; fileEncoding = 4; lastKnownFileType = sourcecode.c.objc; path = MoreViewController.m; sourceTree = "<group>"; };
		5C7BE3D21DE86F3900C15CB5 /* MoreTableViewCell.h */ = {isa = PBXFileReference; fileEncoding = 4; lastKnownFileType = sourcecode.c.h; path = MoreTableViewCell.h; sourceTree = "<group>"; };
		5C7BE3D31DE86F3900C15CB5 /* MoreTableViewCell.m */ = {isa = PBXFileReference; fileEncoding = 4; lastKnownFileType = sourcecode.c.objc; path = MoreTableViewCell.m; sourceTree = "<group>"; };
		5C7BE3D61DE882CC00C15CB5 /* ReportIssueViewController.h */ = {isa = PBXFileReference; fileEncoding = 4; lastKnownFileType = sourcecode.c.h; path = ReportIssueViewController.h; sourceTree = "<group>"; };
		5C7BE3D71DE882CC00C15CB5 /* ReportIssueViewController.m */ = {isa = PBXFileReference; fileEncoding = 4; lastKnownFileType = sourcecode.c.objc; path = ReportIssueViewController.m; sourceTree = "<group>"; };
		5C7BE3DA1DE8869700C15CB5 /* ExerciseViewController.h */ = {isa = PBXFileReference; fileEncoding = 4; lastKnownFileType = sourcecode.c.h; path = ExerciseViewController.h; sourceTree = "<group>"; };
		5C7BE3DB1DE8869700C15CB5 /* ExerciseViewController.m */ = {isa = PBXFileReference; fileEncoding = 4; lastKnownFileType = sourcecode.c.objc; path = ExerciseViewController.m; sourceTree = "<group>"; };
		5C7BE3DD1DE886BA00C15CB5 /* RecordViewController.h */ = {isa = PBXFileReference; fileEncoding = 4; lastKnownFileType = sourcecode.c.h; path = RecordViewController.h; sourceTree = "<group>"; };
		5C7BE3DE1DE886BA00C15CB5 /* RecordViewController.m */ = {isa = PBXFileReference; fileEncoding = 4; lastKnownFileType = sourcecode.c.objc; path = RecordViewController.m; sourceTree = "<group>"; };
		5C7BE3E01DE886D600C15CB5 /* StatsViewController.h */ = {isa = PBXFileReference; fileEncoding = 4; lastKnownFileType = sourcecode.c.h; path = StatsViewController.h; sourceTree = "<group>"; };
		5C7BE3E11DE886D600C15CB5 /* StatsViewController.m */ = {isa = PBXFileReference; fileEncoding = 4; lastKnownFileType = sourcecode.c.objc; path = StatsViewController.m; sourceTree = "<group>"; };
		5C7BE3E31DE8877400C15CB5 /* QueuedExercisesViewController.h */ = {isa = PBXFileReference; fileEncoding = 4; lastKnownFileType = sourcecode.c.h; path = QueuedExercisesViewController.h; sourceTree = "<group>"; };
		5C7BE3E41DE8877400C15CB5 /* QueuedExercisesViewController.m */ = {isa = PBXFileReference; fileEncoding = 4; lastKnownFileType = sourcecode.c.objc; path = QueuedExercisesViewController.m; sourceTree = "<group>"; };
		5C8A3A1E1DE5D04100706925 /* LoginViewController.h */ = {isa = PBXFileReference; fileEncoding = 4; lastKnownFileType = sourcecode.c.h; path = LoginViewController.h; sourceTree = "<group>"; };
		5C8A3A1F1DE5D04100706925 /* LoginViewController.m */ = {isa = PBXFileReference; fileEncoding = 4; lastKnownFileType = sourcecode.c.objc; path = LoginViewController.m; sourceTree = "<group>"; };
		5C8A3A241DE5D26300706925 /* Banner.h */ = {isa = PBXFileReference; fileEncoding = 4; lastKnownFileType = sourcecode.c.h; path = Banner.h; sourceTree = "<group>"; };
		5C8A3A251DE5D26300706925 /* Banner.m */ = {isa = PBXFileReference; fileEncoding = 4; lastKnownFileType = sourcecode.c.objc; path = Banner.m; sourceTree = "<group>"; };
		5C8A3A271DE5D5B800706925 /* UserModel.h */ = {isa = PBXFileReference; fileEncoding = 4; lastKnownFileType = sourcecode.c.h; path = UserModel.h; sourceTree = "<group>"; };
		5C8A3A281DE5D5B800706925 /* UserModel.m */ = {isa = PBXFileReference; fileEncoding = 4; lastKnownFileType = sourcecode.c.objc; path = UserModel.m; sourceTree = "<group>"; };
		5CC7CCAA1DE8476F00DC661F /* UserManager.h */ = {isa = PBXFileReference; fileEncoding = 4; lastKnownFileType = sourcecode.c.h; path = UserManager.h; sourceTree = "<group>"; };
		5CC7CCAB1DE8476F00DC661F /* UserManager.m */ = {isa = PBXFileReference; fileEncoding = 4; lastKnownFileType = sourcecode.c.objc; path = UserManager.m; sourceTree = "<group>"; };
		5CF694FB1DEDBED100F00EA2 /* SignUpViewController.h */ = {isa = PBXFileReference; fileEncoding = 4; lastKnownFileType = sourcecode.c.h; path = SignUpViewController.h; sourceTree = "<group>"; };
		5CF694FC1DEDBED100F00EA2 /* SignUpViewController.m */ = {isa = PBXFileReference; fileEncoding = 4; lastKnownFileType = sourcecode.c.objc; path = SignUpViewController.m; sourceTree = "<group>"; };
		6A1D50EA1DE57AC30073F479 /* XCTest.framework */ = {isa = PBXFileReference; lastKnownFileType = wrapper.framework; name = XCTest.framework; path = Platforms/iPhoneOS.platform/Developer/Library/Frameworks/XCTest.framework; sourceTree = DEVELOPER_DIR; };
		6A1D50EE1DE57BEF0073F479 /* MentalSnappTests.m */ = {isa = PBXFileReference; fileEncoding = 4; lastKnownFileType = sourcecode.c.objc; path = MentalSnappTests.m; sourceTree = "<group>"; };
		6A1D50F01DE57C520073F479 /* MentalSnappUITests.m */ = {isa = PBXFileReference; fileEncoding = 4; lastKnownFileType = sourcecode.c.objc; path = MentalSnappUITests.m; sourceTree = "<group>"; };
		6A2428481DE814CD00FF15A9 /* ChangePasswordViewController.h */ = {isa = PBXFileReference; fileEncoding = 4; lastKnownFileType = sourcecode.c.h; path = ChangePasswordViewController.h; sourceTree = "<group>"; };
		6A2428491DE814CD00FF15A9 /* ChangePasswordViewController.m */ = {isa = PBXFileReference; fileEncoding = 4; lastKnownFileType = sourcecode.c.objc; path = ChangePasswordViewController.m; sourceTree = "<group>"; };
		6A288EBA1DED882200273CCC /* guidedExcerciseCellCollectionViewCell.h */ = {isa = PBXFileReference; fileEncoding = 4; lastKnownFileType = sourcecode.c.h; path = guidedExcerciseCellCollectionViewCell.h; sourceTree = "<group>"; };
		6A288EBB1DED882200273CCC /* guidedExcerciseCellCollectionViewCell.m */ = {isa = PBXFileReference; fileEncoding = 4; lastKnownFileType = sourcecode.c.objc; path = guidedExcerciseCellCollectionViewCell.m; sourceTree = "<group>"; };
		6A288EBF1DED8BB100273CCC /* CommentsPaginate.h */ = {isa = PBXFileReference; fileEncoding = 4; lastKnownFileType = sourcecode.c.h; path = CommentsPaginate.h; sourceTree = "<group>"; };
		6A288EC01DED8BB100273CCC /* CommentsPaginate.m */ = {isa = PBXFileReference; fileEncoding = 4; lastKnownFileType = sourcecode.c.objc; path = CommentsPaginate.m; sourceTree = "<group>"; };
		6A288EC11DED8BB100273CCC /* DatePaginate.h */ = {isa = PBXFileReference; fileEncoding = 4; lastKnownFileType = sourcecode.c.h; path = DatePaginate.h; sourceTree = "<group>"; };
		6A288EC21DED8BB100273CCC /* DatePaginate.m */ = {isa = PBXFileReference; fileEncoding = 4; lastKnownFileType = sourcecode.c.objc; path = DatePaginate.m; sourceTree = "<group>"; };
		6A288EC31DED8BB100273CCC /* Paginate.h */ = {isa = PBXFileReference; fileEncoding = 4; lastKnownFileType = sourcecode.c.h; path = Paginate.h; sourceTree = "<group>"; };
		6A288EC41DED8BB100273CCC /* Paginate.m */ = {isa = PBXFileReference; fileEncoding = 4; lastKnownFileType = sourcecode.c.objc; path = Paginate.m; sourceTree = "<group>"; };
		6A3F7A6B1DEC69810070415C /* SupportScreenViewController.h */ = {isa = PBXFileReference; fileEncoding = 4; lastKnownFileType = sourcecode.c.h; path = SupportScreenViewController.h; sourceTree = "<group>"; };
		6A3F7A6C1DEC69810070415C /* SupportScreenViewController.m */ = {isa = PBXFileReference; fileEncoding = 4; lastKnownFileType = sourcecode.c.objc; path = SupportScreenViewController.m; sourceTree = "<group>"; };
		6A3F7A711DEC6F820070415C /* SupportRequest.h */ = {isa = PBXFileReference; fileEncoding = 4; lastKnownFileType = sourcecode.c.h; path = SupportRequest.h; sourceTree = "<group>"; };
		6A3F7A721DEC6F820070415C /* SupportRequest.m */ = {isa = PBXFileReference; fileEncoding = 4; lastKnownFileType = sourcecode.c.objc; path = SupportRequest.m; sourceTree = "<group>"; };
		6A3F7A741DEC6F920070415C /* SupportInterface.h */ = {isa = PBXFileReference; fileEncoding = 4; lastKnownFileType = sourcecode.c.h; path = SupportInterface.h; sourceTree = "<group>"; };
		6A3F7A751DEC6F920070415C /* SupportInterface.m */ = {isa = PBXFileReference; fileEncoding = 4; lastKnownFileType = sourcecode.c.objc; path = SupportInterface.m; sourceTree = "<group>"; };
		6A3F7A7A1DEC758C0070415C /* GZIP.h */ = {isa = PBXFileReference; fileEncoding = 4; lastKnownFileType = sourcecode.c.h; path = GZIP.h; sourceTree = "<group>"; };
		6A3F7A7B1DEC758C0070415C /* GZIP.m */ = {isa = PBXFileReference; fileEncoding = 4; lastKnownFileType = sourcecode.c.objc; path = GZIP.m; sourceTree = "<group>"; };
		6A63D1A91DF00D2200B8E188 /* GuidedExcercise.h */ = {isa = PBXFileReference; fileEncoding = 4; lastKnownFileType = sourcecode.c.h; path = GuidedExcercise.h; sourceTree = "<group>"; };
		6A63D1AA1DF00D2200B8E188 /* GuidedExcercise.m */ = {isa = PBXFileReference; fileEncoding = 4; lastKnownFileType = sourcecode.c.objc; path = GuidedExcercise.m; sourceTree = "<group>"; };
		6A63D1AE1DF025C600B8E188 /* ExcercixeInterface.h */ = {isa = PBXFileReference; fileEncoding = 4; lastKnownFileType = sourcecode.c.h; path = ExcercixeInterface.h; sourceTree = "<group>"; };
		6A63D1AF1DF025C600B8E188 /* ExcercixeInterface.m */ = {isa = PBXFileReference; fileEncoding = 4; lastKnownFileType = sourcecode.c.objc; path = ExcercixeInterface.m; sourceTree = "<group>"; };
		6A63D1B11DF0261A00B8E188 /* ExcerciseRequest.h */ = {isa = PBXFileReference; fileEncoding = 4; lastKnownFileType = sourcecode.c.h; path = ExcerciseRequest.h; sourceTree = "<group>"; };
		6A63D1B21DF0261A00B8E188 /* ExcerciseRequest.m */ = {isa = PBXFileReference; fileEncoding = 4; lastKnownFileType = sourcecode.c.objc; path = ExcerciseRequest.m; sourceTree = "<group>"; };
		6A7387E01DF1734200D3A981 /* SubCategoryTableViewCell.h */ = {isa = PBXFileReference; fileEncoding = 4; lastKnownFileType = sourcecode.c.h; path = SubCategoryTableViewCell.h; sourceTree = "<group>"; };
		6A7387E11DF1734200D3A981 /* SubCategoryTableViewCell.m */ = {isa = PBXFileReference; fileEncoding = 4; lastKnownFileType = sourcecode.c.objc; path = SubCategoryTableViewCell.m; sourceTree = "<group>"; };
		6A7D95AE1DE6C5120065573E /* UserRequest.h */ = {isa = PBXFileReference; fileEncoding = 4; lastKnownFileType = sourcecode.c.h; path = UserRequest.h; sourceTree = "<group>"; };
		6A7D95AF1DE6C5120065573E /* UserRequest.m */ = {isa = PBXFileReference; fileEncoding = 4; lastKnownFileType = sourcecode.c.objc; path = UserRequest.m; sourceTree = "<group>"; };
		6A7D95B81DE6CD6A0065573E /* UserInterface.h */ = {isa = PBXFileReference; fileEncoding = 4; lastKnownFileType = sourcecode.c.h; path = UserInterface.h; sourceTree = "<group>"; };
		6A7D95B91DE6CD6A0065573E /* UserInterface.m */ = {isa = PBXFileReference; fileEncoding = 4; lastKnownFileType = sourcecode.c.objc; path = UserInterface.m; sourceTree = "<group>"; };
		6A7D95E21DE6FA050065573E /* Apache License.txt */ = {isa = PBXFileReference; fileEncoding = 4; lastKnownFileType = text; path = "Apache License.txt"; sourceTree = "<group>"; };
		6A7D95E31DE6FA050065573E /* Roboto-Black.ttf */ = {isa = PBXFileReference; lastKnownFileType = file; path = "Roboto-Black.ttf"; sourceTree = "<group>"; };
		6A7D95E41DE6FA050065573E /* Roboto-BlackItalic.ttf */ = {isa = PBXFileReference; lastKnownFileType = file; path = "Roboto-BlackItalic.ttf"; sourceTree = "<group>"; };
		6A7D95E51DE6FA050065573E /* Roboto-Bold.ttf */ = {isa = PBXFileReference; lastKnownFileType = file; path = "Roboto-Bold.ttf"; sourceTree = "<group>"; };
		6A7D95E61DE6FA050065573E /* Roboto-BoldItalic.ttf */ = {isa = PBXFileReference; lastKnownFileType = file; path = "Roboto-BoldItalic.ttf"; sourceTree = "<group>"; };
		6A7D95E71DE6FA050065573E /* Roboto-Italic.ttf */ = {isa = PBXFileReference; lastKnownFileType = file; path = "Roboto-Italic.ttf"; sourceTree = "<group>"; };
		6A7D95E81DE6FA050065573E /* Roboto-Light.ttf */ = {isa = PBXFileReference; lastKnownFileType = file; path = "Roboto-Light.ttf"; sourceTree = "<group>"; };
		6A7D95E91DE6FA050065573E /* Roboto-LightItalic.ttf */ = {isa = PBXFileReference; lastKnownFileType = file; path = "Roboto-LightItalic.ttf"; sourceTree = "<group>"; };
		6A7D95EA1DE6FA050065573E /* Roboto-Medium.ttf */ = {isa = PBXFileReference; lastKnownFileType = file; path = "Roboto-Medium.ttf"; sourceTree = "<group>"; };
		6A7D95EB1DE6FA050065573E /* Roboto-MediumItalic.ttf */ = {isa = PBXFileReference; lastKnownFileType = file; path = "Roboto-MediumItalic.ttf"; sourceTree = "<group>"; };
		6A7D95EC1DE6FA050065573E /* Roboto-Regular.ttf */ = {isa = PBXFileReference; lastKnownFileType = file; path = "Roboto-Regular.ttf"; sourceTree = "<group>"; };
		6A7D95ED1DE6FA050065573E /* Roboto-Thin.ttf */ = {isa = PBXFileReference; lastKnownFileType = file; path = "Roboto-Thin.ttf"; sourceTree = "<group>"; };
		6A7D95EE1DE6FA050065573E /* Roboto-ThinItalic.ttf */ = {isa = PBXFileReference; lastKnownFileType = file; path = "Roboto-ThinItalic.ttf"; sourceTree = "<group>"; };
		6A98B1281DE5A3F4009F1412 /* ProfileStoryboard.storyboard */ = {isa = PBXFileReference; fileEncoding = 4; lastKnownFileType = file.storyboard; path = ProfileStoryboard.storyboard; sourceTree = "<group>"; };
		6A98B12C1DE5A463009F1412 /* ProfileViewController.h */ = {isa = PBXFileReference; fileEncoding = 4; lastKnownFileType = sourcecode.c.h; path = ProfileViewController.h; sourceTree = "<group>"; };
		6A98B12D1DE5A463009F1412 /* ProfileViewController.m */ = {isa = PBXFileReference; fileEncoding = 4; lastKnownFileType = sourcecode.c.objc; path = ProfileViewController.m; sourceTree = "<group>"; };
		6A98B1301DE5A4BA009F1412 /* MSViewController.h */ = {isa = PBXFileReference; fileEncoding = 4; lastKnownFileType = sourcecode.c.h; path = MSViewController.h; sourceTree = "<group>"; };
		6A98B1311DE5A4BA009F1412 /* MSViewController.m */ = {isa = PBXFileReference; fileEncoding = 4; lastKnownFileType = sourcecode.c.objc; path = MSViewController.m; sourceTree = "<group>"; };
		6AAA00D61DE56F8500208022 /* AppDelegate.h */ = {isa = PBXFileReference; fileEncoding = 4; lastKnownFileType = sourcecode.c.h; path = AppDelegate.h; sourceTree = "<group>"; };
		6AAA00D71DE56F8500208022 /* AppDelegate.m */ = {isa = PBXFileReference; fileEncoding = 4; lastKnownFileType = sourcecode.c.objc; path = AppDelegate.m; sourceTree = "<group>"; };
		6AAA00D81DE56F8500208022 /* Assets.xcassets */ = {isa = PBXFileReference; lastKnownFileType = folder.assetcatalog; path = Assets.xcassets; sourceTree = "<group>"; };
		6AAA00DA1DE56F8500208022 /* Constants.h */ = {isa = PBXFileReference; fileEncoding = 4; lastKnownFileType = sourcecode.c.h; path = Constants.h; sourceTree = "<group>"; };
		6AAA00DB1DE56F8500208022 /* Constants.m */ = {isa = PBXFileReference; fileEncoding = 4; lastKnownFileType = sourcecode.c.objc; path = Constants.m; sourceTree = "<group>"; };
		6AAA00DC1DE56F8500208022 /* NSArray+Properties.h */ = {isa = PBXFileReference; fileEncoding = 4; lastKnownFileType = sourcecode.c.h; path = "NSArray+Properties.h"; sourceTree = "<group>"; };
		6AAA00DD1DE56F8500208022 /* NSArray+Properties.m */ = {isa = PBXFileReference; fileEncoding = 4; lastKnownFileType = sourcecode.c.objc; path = "NSArray+Properties.m"; sourceTree = "<group>"; };
		6AAA00DE1DE56F8500208022 /* NSDate+Properties.h */ = {isa = PBXFileReference; fileEncoding = 4; lastKnownFileType = sourcecode.c.h; path = "NSDate+Properties.h"; sourceTree = "<group>"; };
		6AAA00DF1DE56F8500208022 /* NSDate+Properties.m */ = {isa = PBXFileReference; fileEncoding = 4; lastKnownFileType = sourcecode.c.objc; path = "NSDate+Properties.m"; sourceTree = "<group>"; };
		6AAA00E01DE56F8500208022 /* NSDictionary+Properties.h */ = {isa = PBXFileReference; fileEncoding = 4; lastKnownFileType = sourcecode.c.h; path = "NSDictionary+Properties.h"; sourceTree = "<group>"; };
		6AAA00E11DE56F8500208022 /* NSDictionary+Properties.m */ = {isa = PBXFileReference; fileEncoding = 4; lastKnownFileType = sourcecode.c.objc; path = "NSDictionary+Properties.m"; sourceTree = "<group>"; };
		6AAA00E21DE56F8500208022 /* NSString+Properties.h */ = {isa = PBXFileReference; fileEncoding = 4; lastKnownFileType = sourcecode.c.h; path = "NSString+Properties.h"; sourceTree = "<group>"; };
		6AAA00E31DE56F8500208022 /* NSString+Properties.m */ = {isa = PBXFileReference; fileEncoding = 4; lastKnownFileType = sourcecode.c.objc; path = "NSString+Properties.m"; sourceTree = "<group>"; };
		6AAA00E41DE56F8500208022 /* NSURL+Properties.h */ = {isa = PBXFileReference; fileEncoding = 4; lastKnownFileType = sourcecode.c.h; path = "NSURL+Properties.h"; sourceTree = "<group>"; };
		6AAA00E51DE56F8500208022 /* NSURL+Properties.m */ = {isa = PBXFileReference; fileEncoding = 4; lastKnownFileType = sourcecode.c.objc; path = "NSURL+Properties.m"; sourceTree = "<group>"; };
		6AAA00E61DE56F8500208022 /* UIApplication+Properties.h */ = {isa = PBXFileReference; fileEncoding = 4; lastKnownFileType = sourcecode.c.h; path = "UIApplication+Properties.h"; sourceTree = "<group>"; };
		6AAA00E71DE56F8500208022 /* UIApplication+Properties.m */ = {isa = PBXFileReference; fileEncoding = 4; lastKnownFileType = sourcecode.c.objc; path = "UIApplication+Properties.m"; sourceTree = "<group>"; };
		6AAA00E81DE56F8500208022 /* UIButton+Properties.h */ = {isa = PBXFileReference; fileEncoding = 4; lastKnownFileType = sourcecode.c.h; path = "UIButton+Properties.h"; sourceTree = "<group>"; };
		6AAA00E91DE56F8500208022 /* UIButton+Properties.m */ = {isa = PBXFileReference; fileEncoding = 4; lastKnownFileType = sourcecode.c.objc; path = "UIButton+Properties.m"; sourceTree = "<group>"; };
		6AAA00EA1DE56F8500208022 /* UIColor+Properties.h */ = {isa = PBXFileReference; fileEncoding = 4; lastKnownFileType = sourcecode.c.h; path = "UIColor+Properties.h"; sourceTree = "<group>"; };
		6AAA00EB1DE56F8500208022 /* UIColor+Properties.m */ = {isa = PBXFileReference; fileEncoding = 4; lastKnownFileType = sourcecode.c.objc; path = "UIColor+Properties.m"; sourceTree = "<group>"; };
		6AAA00EC1DE56F8500208022 /* UIFont+Properties.h */ = {isa = PBXFileReference; fileEncoding = 4; lastKnownFileType = sourcecode.c.h; path = "UIFont+Properties.h"; sourceTree = "<group>"; };
		6AAA00ED1DE56F8500208022 /* UIFont+Properties.m */ = {isa = PBXFileReference; fileEncoding = 4; lastKnownFileType = sourcecode.c.objc; path = "UIFont+Properties.m"; sourceTree = "<group>"; };
		6AAA00EE1DE56F8500208022 /* UIImage+fixOrientation.h */ = {isa = PBXFileReference; fileEncoding = 4; lastKnownFileType = sourcecode.c.h; path = "UIImage+fixOrientation.h"; sourceTree = "<group>"; };
		6AAA00EF1DE56F8500208022 /* UIImage+fixOrientation.m */ = {isa = PBXFileReference; fileEncoding = 4; lastKnownFileType = sourcecode.c.objc; path = "UIImage+fixOrientation.m"; sourceTree = "<group>"; };
		6AAA00F01DE56F8500208022 /* UIImage+ImageBlur.h */ = {isa = PBXFileReference; fileEncoding = 4; lastKnownFileType = sourcecode.c.h; path = "UIImage+ImageBlur.h"; sourceTree = "<group>"; };
		6AAA00F11DE56F8500208022 /* UIImage+ImageBlur.m */ = {isa = PBXFileReference; fileEncoding = 4; lastKnownFileType = sourcecode.c.objc; path = "UIImage+ImageBlur.m"; sourceTree = "<group>"; };
		6AAA00F21DE56F8500208022 /* UIImage+ImageEffects.h */ = {isa = PBXFileReference; fileEncoding = 4; lastKnownFileType = sourcecode.c.h; path = "UIImage+ImageEffects.h"; sourceTree = "<group>"; };
		6AAA00F31DE56F8500208022 /* UIImage+ImageEffects.m */ = {isa = PBXFileReference; fileEncoding = 4; lastKnownFileType = sourcecode.c.objc; path = "UIImage+ImageEffects.m"; sourceTree = "<group>"; };
		6AAA00F41DE56F8500208022 /* UILabel+Properties.h */ = {isa = PBXFileReference; fileEncoding = 4; lastKnownFileType = sourcecode.c.h; path = "UILabel+Properties.h"; sourceTree = "<group>"; };
		6AAA00F51DE56F8500208022 /* UILabel+Properties.m */ = {isa = PBXFileReference; fileEncoding = 4; lastKnownFileType = sourcecode.c.objc; path = "UILabel+Properties.m"; sourceTree = "<group>"; };
		6AAA00F61DE56F8500208022 /* UIView+Badge.h */ = {isa = PBXFileReference; fileEncoding = 4; lastKnownFileType = sourcecode.c.h; path = "UIView+Badge.h"; sourceTree = "<group>"; };
		6AAA00F71DE56F8500208022 /* UIView+Badge.m */ = {isa = PBXFileReference; fileEncoding = 4; lastKnownFileType = sourcecode.c.objc; path = "UIView+Badge.m"; sourceTree = "<group>"; };
		6AAA00F81DE56F8500208022 /* UIView+LayerOperation.h */ = {isa = PBXFileReference; fileEncoding = 4; lastKnownFileType = sourcecode.c.h; path = "UIView+LayerOperation.h"; sourceTree = "<group>"; };
		6AAA00F91DE56F8500208022 /* UIView+LayerOperation.m */ = {isa = PBXFileReference; fileEncoding = 4; lastKnownFileType = sourcecode.c.objc; path = "UIView+LayerOperation.m"; sourceTree = "<group>"; };
		6AAA00FA1DE56F8500208022 /* UIView+ReFrame.h */ = {isa = PBXFileReference; fileEncoding = 4; lastKnownFileType = sourcecode.c.h; path = "UIView+ReFrame.h"; sourceTree = "<group>"; };
		6AAA00FB1DE56F8500208022 /* UIView+ReFrame.m */ = {isa = PBXFileReference; fileEncoding = 4; lastKnownFileType = sourcecode.c.objc; path = "UIView+ReFrame.m"; sourceTree = "<group>"; };
		6AAA00FC1DE56F8500208022 /* Util.h */ = {isa = PBXFileReference; fileEncoding = 4; lastKnownFileType = sourcecode.c.h; path = Util.h; sourceTree = "<group>"; };
		6AAA00FD1DE56F8500208022 /* Util.m */ = {isa = PBXFileReference; fileEncoding = 4; lastKnownFileType = sourcecode.c.objc; path = Util.m; sourceTree = "<group>"; };
		6AAA00FE1DE56F8500208022 /* Info.plist */ = {isa = PBXFileReference; fileEncoding = 4; lastKnownFileType = text.plist.xml; path = Info.plist; sourceTree = "<group>"; };
		6AAA01011DE56F8500208022 /* NSObject+RMArchivable.h */ = {isa = PBXFileReference; fileEncoding = 4; lastKnownFileType = sourcecode.c.h; path = "NSObject+RMArchivable.h"; sourceTree = "<group>"; };
		6AAA01021DE56F8500208022 /* NSObject+RMArchivable.m */ = {isa = PBXFileReference; fileEncoding = 4; lastKnownFileType = sourcecode.c.objc; path = "NSObject+RMArchivable.m"; sourceTree = "<group>"; };
		6AAA01031DE56F8500208022 /* NSObject+RMCopyable.h */ = {isa = PBXFileReference; fileEncoding = 4; lastKnownFileType = sourcecode.c.h; path = "NSObject+RMCopyable.h"; sourceTree = "<group>"; };
		6AAA01041DE56F8500208022 /* NSObject+RMCopyable.m */ = {isa = PBXFileReference; fileEncoding = 4; lastKnownFileType = sourcecode.c.objc; path = "NSObject+RMCopyable.m"; sourceTree = "<group>"; };
		6AAA01051DE56F8500208022 /* NSUserDefaults+RMSaveCustomObject.h */ = {isa = PBXFileReference; fileEncoding = 4; lastKnownFileType = sourcecode.c.h; path = "NSUserDefaults+RMSaveCustomObject.h"; sourceTree = "<group>"; };
		6AAA01061DE56F8500208022 /* NSUserDefaults+RMSaveCustomObject.m */ = {isa = PBXFileReference; fileEncoding = 4; lastKnownFileType = sourcecode.c.objc; path = "NSUserDefaults+RMSaveCustomObject.m"; sourceTree = "<group>"; };
		6AAA01071DE56F8500208022 /* RMMapper.h */ = {isa = PBXFileReference; fileEncoding = 4; lastKnownFileType = sourcecode.c.h; path = RMMapper.h; sourceTree = "<group>"; };
		6AAA01081DE56F8500208022 /* RMMapper.m */ = {isa = PBXFileReference; fileEncoding = 4; lastKnownFileType = sourcecode.c.objc; path = RMMapper.m; sourceTree = "<group>"; };
		6AAA01091DE56F8500208022 /* main.m */ = {isa = PBXFileReference; fileEncoding = 4; lastKnownFileType = sourcecode.c.objc; path = main.m; sourceTree = "<group>"; };
		6AAA010B1DE56F8500208022 /* AppSettingsManager.h */ = {isa = PBXFileReference; fileEncoding = 4; lastKnownFileType = sourcecode.c.h; path = AppSettingsManager.h; sourceTree = "<group>"; };
		6AAA010C1DE56F8600208022 /* AppSettingsManager.m */ = {isa = PBXFileReference; fileEncoding = 4; lastKnownFileType = sourcecode.c.objc; path = AppSettingsManager.m; sourceTree = "<group>"; };
		6AAA010D1DE56F8600208022 /* RemoteNotificationManager.h */ = {isa = PBXFileReference; fileEncoding = 4; lastKnownFileType = sourcecode.c.h; path = RemoteNotificationManager.h; sourceTree = "<group>"; };
		6AAA010E1DE56F8600208022 /* RemoteNotificationManager.m */ = {isa = PBXFileReference; fileEncoding = 4; lastKnownFileType = sourcecode.c.objc; path = RemoteNotificationManager.m; sourceTree = "<group>"; };
		6AAA010F1DE56F8600208022 /* SocialManager.h */ = {isa = PBXFileReference; fileEncoding = 4; lastKnownFileType = sourcecode.c.h; path = SocialManager.h; sourceTree = "<group>"; };
		6AAA01101DE56F8600208022 /* SocialManager.m */ = {isa = PBXFileReference; fileEncoding = 4; lastKnownFileType = sourcecode.c.objc; path = SocialManager.m; sourceTree = "<group>"; };
		6AAA01111DE56F8600208022 /* MentalSnappPrefixHeader.pch */ = {isa = PBXFileReference; fileEncoding = 4; lastKnownFileType = sourcecode.c.h; path = MentalSnappPrefixHeader.pch; sourceTree = "<group>"; };
		6AAA01141DE56F8600208022 /* APIInteractor.h */ = {isa = PBXFileReference; fileEncoding = 4; lastKnownFileType = sourcecode.c.h; path = APIInteractor.h; sourceTree = "<group>"; };
		6AAA01151DE56F8600208022 /* APIInteractorProvider.h */ = {isa = PBXFileReference; fileEncoding = 4; lastKnownFileType = sourcecode.c.h; path = APIInteractorProvider.h; sourceTree = "<group>"; };
		6AAA01161DE56F8600208022 /* APIInteractorProvider.m */ = {isa = PBXFileReference; fileEncoding = 4; lastKnownFileType = sourcecode.c.objc; path = APIInteractorProvider.m; sourceTree = "<group>"; };
		6AAA01171DE56F8600208022 /* NetworkHttpClient.h */ = {isa = PBXFileReference; fileEncoding = 4; lastKnownFileType = sourcecode.c.h; path = NetworkHttpClient.h; sourceTree = "<group>"; };
		6AAA01181DE56F8600208022 /* NetworkHttpClient.m */ = {isa = PBXFileReference; fileEncoding = 4; lastKnownFileType = sourcecode.c.objc; path = NetworkHttpClient.m; sourceTree = "<group>"; };
		6AAA01191DE56F8600208022 /* RealAPI.h */ = {isa = PBXFileReference; fileEncoding = 4; lastKnownFileType = sourcecode.c.h; path = RealAPI.h; sourceTree = "<group>"; };
		6AAA011A1DE56F8600208022 /* RealAPI.m */ = {isa = PBXFileReference; fileEncoding = 4; lastKnownFileType = sourcecode.c.objc; path = RealAPI.m; sourceTree = "<group>"; };
		6AAA011B1DE56F8600208022 /* TestAPI.h */ = {isa = PBXFileReference; fileEncoding = 4; lastKnownFileType = sourcecode.c.h; path = TestAPI.h; sourceTree = "<group>"; };
		6AAA011C1DE56F8600208022 /* TestAPI.m */ = {isa = PBXFileReference; fileEncoding = 4; lastKnownFileType = sourcecode.c.objc; path = TestAPI.m; sourceTree = "<group>"; };
		6AAA011E1DE56F8600208022 /* RequestManager.h */ = {isa = PBXFileReference; fileEncoding = 4; lastKnownFileType = sourcecode.c.h; path = RequestManager.h; sourceTree = "<group>"; };
		6AAA011F1DE56F8600208022 /* RequestManager.m */ = {isa = PBXFileReference; fileEncoding = 4; lastKnownFileType = sourcecode.c.objc; path = RequestManager.m; sourceTree = "<group>"; };
		6AAA01211DE56F8600208022 /* Request.h */ = {isa = PBXFileReference; fileEncoding = 4; lastKnownFileType = sourcecode.c.h; path = Request.h; sourceTree = "<group>"; };
		6AAA01221DE56F8600208022 /* Request.m */ = {isa = PBXFileReference; fileEncoding = 4; lastKnownFileType = sourcecode.c.objc; path = Request.m; sourceTree = "<group>"; };
		6AAA01261DE56F8600208022 /* LoginInterface.h */ = {isa = PBXFileReference; fileEncoding = 4; lastKnownFileType = sourcecode.c.h; path = LoginInterface.h; sourceTree = "<group>"; };
		6AAA01271DE56F8600208022 /* LoginInterface.m */ = {isa = PBXFileReference; fileEncoding = 4; lastKnownFileType = sourcecode.c.objc; path = LoginInterface.m; sourceTree = "<group>"; };
		6AAA01291DE56F8600208022 /* ViewController.h */ = {isa = PBXFileReference; fileEncoding = 4; lastKnownFileType = sourcecode.c.h; path = ViewController.h; sourceTree = "<group>"; };
		6AAA012A1DE56F8600208022 /* ViewController.m */ = {isa = PBXFileReference; fileEncoding = 4; lastKnownFileType = sourcecode.c.objc; path = ViewController.m; sourceTree = "<group>"; };
		6AAA012C1DE56F8600208022 /* AppSettings.plist */ = {isa = PBXFileReference; fileEncoding = 4; lastKnownFileType = text.plist.xml; path = AppSettings.plist; sourceTree = "<group>"; };
		6AAA012D1DE56F8600208022 /* Localizable.strings */ = {isa = PBXFileReference; fileEncoding = 4; lastKnownFileType = text.plist.strings; path = Localizable.strings; sourceTree = "<group>"; };
		6AAA01311DE56F8600208022 /* LaunchScreen.storyboard */ = {isa = PBXFileReference; fileEncoding = 4; lastKnownFileType = file.storyboard; path = LaunchScreen.storyboard; sourceTree = "<group>"; };
		6AAA01321DE56F8600208022 /* Main.storyboard */ = {isa = PBXFileReference; fileEncoding = 4; lastKnownFileType = file.storyboard; path = Main.storyboard; sourceTree = "<group>"; };
		6AAA01341DE56F8600208022 /* AppSettings.h */ = {isa = PBXFileReference; fileEncoding = 4; lastKnownFileType = sourcecode.c.h; path = AppSettings.h; sourceTree = "<group>"; };
		6AAA01351DE56F8600208022 /* AppSettings.m */ = {isa = PBXFileReference; fileEncoding = 4; lastKnownFileType = sourcecode.c.objc; path = AppSettings.m; sourceTree = "<group>"; };
		6AAA01361DE56F8600208022 /* TestModel.h */ = {isa = PBXFileReference; fileEncoding = 4; lastKnownFileType = sourcecode.c.h; path = TestModel.h; sourceTree = "<group>"; };
		6AAA01371DE56F8600208022 /* TestModel.m */ = {isa = PBXFileReference; fileEncoding = 4; lastKnownFileType = sourcecode.c.objc; path = TestModel.m; sourceTree = "<group>"; };
		6AAA01391DE56F8600208022 /* Info.plist */ = {isa = PBXFileReference; fileEncoding = 4; lastKnownFileType = text.plist.xml; path = Info.plist; sourceTree = "<group>"; };
		6AAA013C1DE56F8600208022 /* Info.plist */ = {isa = PBXFileReference; fileEncoding = 4; lastKnownFileType = text.plist.xml; path = Info.plist; sourceTree = "<group>"; };
		6AC2A25D1DED848D00196FFA /* GuidedExcerciseViewController.h */ = {isa = PBXFileReference; fileEncoding = 4; lastKnownFileType = sourcecode.c.h; path = GuidedExcerciseViewController.h; sourceTree = "<group>"; };
		6AC2A25E1DED848D00196FFA /* GuidedExcerciseViewController.m */ = {isa = PBXFileReference; fileEncoding = 4; lastKnownFileType = sourcecode.c.objc; path = GuidedExcerciseViewController.m; sourceTree = "<group>"; };
		6AC2A94E1DEED9FB009A21EF /* ExcerciseSubCategoryViewController.h */ = {isa = PBXFileReference; fileEncoding = 4; lastKnownFileType = sourcecode.c.h; path = ExcerciseSubCategoryViewController.h; sourceTree = "<group>"; };
		6AC2A94F1DEED9FB009A21EF /* ExcerciseSubCategoryViewController.m */ = {isa = PBXFileReference; fileEncoding = 4; lastKnownFileType = sourcecode.c.objc; path = ExcerciseSubCategoryViewController.m; sourceTree = "<group>"; };
		6AC660D41DE5740B00BB8949 /* .gitignore */ = {isa = PBXFileReference; fileEncoding = 4; lastKnownFileType = text; path = .gitignore; sourceTree = "<group>"; };
		6AC660D51DE5740B00BB8949 /* LICENSE.txt */ = {isa = PBXFileReference; fileEncoding = 4; lastKnownFileType = text; path = LICENSE.txt; sourceTree = "<group>"; };
		6AC660D61DE5740B00BB8949 /* README.md */ = {isa = PBXFileReference; fileEncoding = 4; lastKnownFileType = net.daringfireball.markdown; path = README.md; sourceTree = "<group>"; };
		6AC660D81DE5740B00BB8949 /* LoggerConstants.h */ = {isa = PBXFileReference; fileEncoding = 4; lastKnownFileType = sourcecode.c.h; path = LoggerConstants.h; sourceTree = "<group>"; };
		6AC660DA1DE5740B00BB8949 /* Lib.plist */ = {isa = PBXFileReference; fileEncoding = 4; lastKnownFileType = text.plist.xml; path = Lib.plist; sourceTree = "<group>"; };
		6AC660DB1DE5740B00BB8949 /* SLog.h */ = {isa = PBXFileReference; fileEncoding = 4; lastKnownFileType = sourcecode.c.h; path = SLog.h; sourceTree = "<group>"; };
		6AC660DC1DE5740B00BB8949 /* SLog.m */ = {isa = PBXFileReference; fileEncoding = 4; lastKnownFileType = sourcecode.c.objc; path = SLog.m; sourceTree = "<group>"; };
		6AC660DD1DE5740B00BB8949 /* SMobiLogger-Prefix.pch */ = {isa = PBXFileReference; fileEncoding = 4; lastKnownFileType = sourcecode.c.h; path = "SMobiLogger-Prefix.pch"; sourceTree = "<group>"; };
		6AC660DE1DE5740B00BB8949 /* SMobiLogger.h */ = {isa = PBXFileReference; fileEncoding = 4; lastKnownFileType = sourcecode.c.h; path = SMobiLogger.h; sourceTree = "<group>"; };
		6AC660DF1DE5740B00BB8949 /* SMobiLogger.m */ = {isa = PBXFileReference; fileEncoding = 4; lastKnownFileType = sourcecode.c.objc; path = SMobiLogger.m; sourceTree = "<group>"; };
		6AC660E11DE5740B00BB8949 /* SMobiLogger.xcdatamodel */ = {isa = PBXFileReference; lastKnownFileType = wrapper.xcdatamodel; path = SMobiLogger.xcdatamodel; sourceTree = "<group>"; };
		6AC660E21DE5740B00BB8949 /* SMobiLogger.podspec */ = {isa = PBXFileReference; fileEncoding = 4; lastKnownFileType = text; path = SMobiLogger.podspec; sourceTree = "<group>"; };
		6AC660E31DE5740B00BB8949 /* SMobiLogger.xcodeproj */ = {isa = PBXFileReference; lastKnownFileType = "wrapper.pb-project"; path = SMobiLogger.xcodeproj; sourceTree = "<group>"; };
		8D30F0C0BCD48254CA253F4A /* Pods-MentalSnapp.debug.xcconfig */ = {isa = PBXFileReference; includeInIndex = 1; lastKnownFileType = text.xcconfig; name = "Pods-MentalSnapp.debug.xcconfig"; path = "Pods/Target Support Files/Pods-MentalSnapp/Pods-MentalSnapp.debug.xcconfig"; sourceTree = "<group>"; };
		EE5108D01CFEEEC200E8A3F9 /* Social.framework */ = {isa = PBXFileReference; lastKnownFileType = wrapper.framework; name = Social.framework; path = System/Library/Frameworks/Social.framework; sourceTree = SDKROOT; };
		EECB25A51CF5AAF10012E315 /* MentalSnapp.app */ = {isa = PBXFileReference; explicitFileType = wrapper.application; includeInIndex = 0; path = MentalSnapp.app; sourceTree = BUILT_PRODUCTS_DIR; };
		EECB25C11CF5AAF10012E315 /* MentalSnappTests.xctest */ = {isa = PBXFileReference; explicitFileType = wrapper.cfbundle; includeInIndex = 0; path = MentalSnappTests.xctest; sourceTree = BUILT_PRODUCTS_DIR; };
		EECB25CC1CF5AAF10012E315 /* MentalSnappUITests.xctest */ = {isa = PBXFileReference; explicitFileType = wrapper.cfbundle; includeInIndex = 0; path = MentalSnappUITests.xctest; sourceTree = BUILT_PRODUCTS_DIR; };
/* End PBXFileReference section */

/* Begin PBXFrameworksBuildPhase section */
		EECB25A21CF5AAF10012E315 /* Frameworks */ = {
			isa = PBXFrameworksBuildPhase;
			buildActionMask = 2147483647;
			files = (
				EE5108D11CFEEEC200E8A3F9 /* Social.framework in Frameworks */,
				26E53943AD4503D45E53BE0D /* libPods-MentalSnapp.a in Frameworks */,
			);
			runOnlyForDeploymentPostprocessing = 0;
		};
		EECB25BE1CF5AAF10012E315 /* Frameworks */ = {
			isa = PBXFrameworksBuildPhase;
			buildActionMask = 2147483647;
			files = (
			);
			runOnlyForDeploymentPostprocessing = 0;
		};
		EECB25C91CF5AAF10012E315 /* Frameworks */ = {
			isa = PBXFrameworksBuildPhase;
			buildActionMask = 2147483647;
			files = (
			);
			runOnlyForDeploymentPostprocessing = 0;
		};
/* End PBXFrameworksBuildPhase section */

/* Begin PBXGroup section */
		5C7BE3C01DE8569200C15CB5 /* TabBar */ = {
			isa = PBXGroup;
			children = (
				5C7BE3C21DE8570100C15CB5 /* MainTabBarController.h */,
				5C7BE3C31DE8570100C15CB5 /* MainTabBarController.m */,
				5C7BE3C51DE85B6100C15CB5 /* Exercise */,
				5C7BE3C71DE85B6100C15CB5 /* Record */,
				5C7BE3C91DE85B6100C15CB5 /* Videos */,
				5C7BE3C81DE85B6100C15CB5 /* Stats */,
				5C7BE3CD1DE85BD200C15CB5 /* More */,
			);
			path = TabBar;
			sourceTree = "<group>";
		};
		5C7BE3C51DE85B6100C15CB5 /* Exercise */ = {
			isa = PBXGroup;
			children = (
				5C7BE3DA1DE8869700C15CB5 /* ExerciseViewController.h */,
				5C7BE3DB1DE8869700C15CB5 /* ExerciseViewController.m */,
			);
			path = Exercise;
			sourceTree = "<group>";
		};
		5C7BE3C71DE85B6100C15CB5 /* Record */ = {
			isa = PBXGroup;
			children = (
				5C7BE3DD1DE886BA00C15CB5 /* RecordViewController.h */,
				5C7BE3DE1DE886BA00C15CB5 /* RecordViewController.m */,
			);
			path = Record;
			sourceTree = "<group>";
		};
		5C7BE3C81DE85B6100C15CB5 /* Stats */ = {
			isa = PBXGroup;
			children = (
				5C7BE3E01DE886D600C15CB5 /* StatsViewController.h */,
				5C7BE3E11DE886D600C15CB5 /* StatsViewController.m */,
			);
			path = Stats;
			sourceTree = "<group>";
		};
		5C7BE3C91DE85B6100C15CB5 /* Videos */ = {
			isa = PBXGroup;
			children = (
			);
			path = Videos;
			sourceTree = "<group>";
		};
		5C7BE3CD1DE85BD200C15CB5 /* More */ = {
			isa = PBXGroup;
			children = (
				5C7BE3CE1DE85BDC00C15CB5 /* MoreViewController.h */,
				5C7BE3CF1DE85BDC00C15CB5 /* MoreViewController.m */,
				5C7BE3E31DE8877400C15CB5 /* QueuedExercisesViewController.h */,
				5C7BE3E41DE8877400C15CB5 /* QueuedExercisesViewController.m */,
				5C7BE3D61DE882CC00C15CB5 /* ReportIssueViewController.h */,
				5C7BE3D71DE882CC00C15CB5 /* ReportIssueViewController.m */,
			);
			path = More;
			sourceTree = "<group>";
		};
		5C7BE3D11DE86E0300C15CB5 /* TableViewCells */ = {
			isa = PBXGroup;
			children = (
				6A7387DE1DF1731800D3A981 /* SubCategoryCell */,
				5C7BE3D21DE86F3900C15CB5 /* MoreTableViewCell.h */,
				5C7BE3D31DE86F3900C15CB5 /* MoreTableViewCell.m */,
			);
			path = TableViewCells;
			sourceTree = "<group>";
		};
		6A2428461DE814A900FF15A9 /* ChangePasswordScreen */ = {
			isa = PBXGroup;
			children = (
				6A2428481DE814CD00FF15A9 /* ChangePasswordViewController.h */,
				6A2428491DE814CD00FF15A9 /* ChangePasswordViewController.m */,
			);
			path = ChangePasswordScreen;
			sourceTree = "<group>";
		};
		6A288EB61DED864300273CCC /* GuidedExcerciseIconView */ = {
			isa = PBXGroup;
			children = (
				6A288EBA1DED882200273CCC /* guidedExcerciseCellCollectionViewCell.h */,
				6A288EBB1DED882200273CCC /* guidedExcerciseCellCollectionViewCell.m */,
			);
			path = GuidedExcerciseIconView;
			sourceTree = "<group>";
		};
		6A288EBE1DED8BB100273CCC /* Pagination */ = {
			isa = PBXGroup;
			children = (
				6A288EBF1DED8BB100273CCC /* CommentsPaginate.h */,
				6A288EC01DED8BB100273CCC /* CommentsPaginate.m */,
				6A288EC11DED8BB100273CCC /* DatePaginate.h */,
				6A288EC21DED8BB100273CCC /* DatePaginate.m */,
				6A288EC31DED8BB100273CCC /* Paginate.h */,
				6A288EC41DED8BB100273CCC /* Paginate.m */,
			);
			path = Pagination;
			sourceTree = "<group>";
		};
		6A3F7A6A1DEC69810070415C /* SupportScreen */ = {
			isa = PBXGroup;
			children = (
				6A3F7A6B1DEC69810070415C /* SupportScreenViewController.h */,
				6A3F7A6C1DEC69810070415C /* SupportScreenViewController.m */,
			);
			path = SupportScreen;
			sourceTree = "<group>";
		};
		6A3F7A791DEC758C0070415C /* GZIP */ = {
			isa = PBXGroup;
			children = (
				6A3F7A7A1DEC758C0070415C /* GZIP.h */,
				6A3F7A7B1DEC758C0070415C /* GZIP.m */,
			);
			path = GZIP;
			sourceTree = "<group>";
		};
		6A7387DE1DF1731800D3A981 /* SubCategoryCell */ = {
			isa = PBXGroup;
			children = (
				6A7387E01DF1734200D3A981 /* SubCategoryTableViewCell.h */,
				6A7387E11DF1734200D3A981 /* SubCategoryTableViewCell.m */,
			);
			path = SubCategoryCell;
			sourceTree = "<group>";
		};
		6A7D95E11DE6FA050065573E /* RobotoFont */ = {
			isa = PBXGroup;
			children = (
				6A7D95E21DE6FA050065573E /* Apache License.txt */,
				6A7D95E31DE6FA050065573E /* Roboto-Black.ttf */,
				6A7D95E41DE6FA050065573E /* Roboto-BlackItalic.ttf */,
				6A7D95E51DE6FA050065573E /* Roboto-Bold.ttf */,
				6A7D95E61DE6FA050065573E /* Roboto-BoldItalic.ttf */,
				6A7D95E71DE6FA050065573E /* Roboto-Italic.ttf */,
				6A7D95E81DE6FA050065573E /* Roboto-Light.ttf */,
				6A7D95E91DE6FA050065573E /* Roboto-LightItalic.ttf */,
				6A7D95EA1DE6FA050065573E /* Roboto-Medium.ttf */,
				6A7D95EB1DE6FA050065573E /* Roboto-MediumItalic.ttf */,
				6A7D95EC1DE6FA050065573E /* Roboto-Regular.ttf */,
				6A7D95ED1DE6FA050065573E /* Roboto-Thin.ttf */,
				6A7D95EE1DE6FA050065573E /* Roboto-ThinItalic.ttf */,
			);
			path = RobotoFont;
			sourceTree = "<group>";
		};
		6A98B12B1DE5A447009F1412 /* ProfileScreen */ = {
			isa = PBXGroup;
			children = (
				6A98B12C1DE5A463009F1412 /* ProfileViewController.h */,
				6A98B12D1DE5A463009F1412 /* ProfileViewController.m */,
			);
			path = ProfileScreen;
			sourceTree = "<group>";
		};
		6A98B12F1DE5A49F009F1412 /* MentalSnappViewController */ = {
			isa = PBXGroup;
			children = (
				6A98B1301DE5A4BA009F1412 /* MSViewController.h */,
				6A98B1311DE5A4BA009F1412 /* MSViewController.m */,
			);
			path = MentalSnappViewController;
			sourceTree = "<group>";
		};
		6AAA00D51DE56F8500208022 /* MentalSnapp */ = {
			isa = PBXGroup;
			children = (
				6AAA00D61DE56F8500208022 /* AppDelegate.h */,
				6AAA00D71DE56F8500208022 /* AppDelegate.m */,
				6AAA00D81DE56F8500208022 /* Assets.xcassets */,
				6AAA00D91DE56F8500208022 /* Helpers */,
				6AAA00FE1DE56F8500208022 /* Info.plist */,
				6AAA00FF1DE56F8500208022 /* Lib */,
				6AAA01091DE56F8500208022 /* main.m */,
				6AAA010A1DE56F8500208022 /* Manager */,
				6AAA01111DE56F8600208022 /* MentalSnappPrefixHeader.pch */,
				6AAA01121DE56F8600208022 /* NetworkManager */,
				6AAA012B1DE56F8600208022 /* Resources */,
				6AAA01301DE56F8600208022 /* StoryboardAndXIBs */,
				6AAA01331DE56F8600208022 /* ViewModels */,
				5C7BE3D11DE86E0300C15CB5 /* TableViewCells */,
			);
			path = MentalSnapp;
			sourceTree = "<group>";
		};
		6AAA00D91DE56F8500208022 /* Helpers */ = {
			isa = PBXGroup;
			children = (
				6A3F7A791DEC758C0070415C /* GZIP */,
				5C8A3A241DE5D26300706925 /* Banner.h */,
				5C8A3A251DE5D26300706925 /* Banner.m */,
				6AAA00DA1DE56F8500208022 /* Constants.h */,
				6AAA00DB1DE56F8500208022 /* Constants.m */,
				6AAA00DC1DE56F8500208022 /* NSArray+Properties.h */,
				6AAA00DD1DE56F8500208022 /* NSArray+Properties.m */,
				6AAA00DE1DE56F8500208022 /* NSDate+Properties.h */,
				6AAA00DF1DE56F8500208022 /* NSDate+Properties.m */,
				6AAA00E01DE56F8500208022 /* NSDictionary+Properties.h */,
				6AAA00E11DE56F8500208022 /* NSDictionary+Properties.m */,
				6AAA00E21DE56F8500208022 /* NSString+Properties.h */,
				6AAA00E31DE56F8500208022 /* NSString+Properties.m */,
				6AAA00E41DE56F8500208022 /* NSURL+Properties.h */,
				6AAA00E51DE56F8500208022 /* NSURL+Properties.m */,
				6AAA00E61DE56F8500208022 /* UIApplication+Properties.h */,
				6AAA00E71DE56F8500208022 /* UIApplication+Properties.m */,
				6AAA00E81DE56F8500208022 /* UIButton+Properties.h */,
				6AAA00E91DE56F8500208022 /* UIButton+Properties.m */,
				6AAA00EA1DE56F8500208022 /* UIColor+Properties.h */,
				6AAA00EB1DE56F8500208022 /* UIColor+Properties.m */,
				6AAA00EC1DE56F8500208022 /* UIFont+Properties.h */,
				6AAA00ED1DE56F8500208022 /* UIFont+Properties.m */,
				6AAA00EE1DE56F8500208022 /* UIImage+fixOrientation.h */,
				6AAA00EF1DE56F8500208022 /* UIImage+fixOrientation.m */,
				6AAA00F01DE56F8500208022 /* UIImage+ImageBlur.h */,
				6AAA00F11DE56F8500208022 /* UIImage+ImageBlur.m */,
				6AAA00F21DE56F8500208022 /* UIImage+ImageEffects.h */,
				6AAA00F31DE56F8500208022 /* UIImage+ImageEffects.m */,
				6AAA00F41DE56F8500208022 /* UILabel+Properties.h */,
				6AAA00F51DE56F8500208022 /* UILabel+Properties.m */,
				6AAA00F61DE56F8500208022 /* UIView+Badge.h */,
				6AAA00F71DE56F8500208022 /* UIView+Badge.m */,
				6AAA00F81DE56F8500208022 /* UIView+LayerOperation.h */,
				6AAA00F91DE56F8500208022 /* UIView+LayerOperation.m */,
				6AAA00FA1DE56F8500208022 /* UIView+ReFrame.h */,
				6AAA00FB1DE56F8500208022 /* UIView+ReFrame.m */,
				6AAA00FC1DE56F8500208022 /* Util.h */,
				6AAA00FD1DE56F8500208022 /* Util.m */,
			);
			path = Helpers;
			sourceTree = "<group>";
		};
		6AAA00FF1DE56F8500208022 /* Lib */ = {
			isa = PBXGroup;
			children = (
				6AAA01001DE56F8500208022 /* RMMapper */,
			);
			path = Lib;
			sourceTree = "<group>";
		};
		6AAA01001DE56F8500208022 /* RMMapper */ = {
			isa = PBXGroup;
			children = (
				6AAA01011DE56F8500208022 /* NSObject+RMArchivable.h */,
				6AAA01021DE56F8500208022 /* NSObject+RMArchivable.m */,
				6AAA01031DE56F8500208022 /* NSObject+RMCopyable.h */,
				6AAA01041DE56F8500208022 /* NSObject+RMCopyable.m */,
				6AAA01051DE56F8500208022 /* NSUserDefaults+RMSaveCustomObject.h */,
				6AAA01061DE56F8500208022 /* NSUserDefaults+RMSaveCustomObject.m */,
				6AAA01071DE56F8500208022 /* RMMapper.h */,
				6AAA01081DE56F8500208022 /* RMMapper.m */,
			);
			path = RMMapper;
			sourceTree = "<group>";
		};
		6AAA010A1DE56F8500208022 /* Manager */ = {
			isa = PBXGroup;
			children = (
				6AAA010B1DE56F8500208022 /* AppSettingsManager.h */,
				6AAA010C1DE56F8600208022 /* AppSettingsManager.m */,
				6AAA010D1DE56F8600208022 /* RemoteNotificationManager.h */,
				6AAA010E1DE56F8600208022 /* RemoteNotificationManager.m */,
				6AAA010F1DE56F8600208022 /* SocialManager.h */,
				6AAA01101DE56F8600208022 /* SocialManager.m */,
			);
			path = Manager;
			sourceTree = "<group>";
		};
		6AAA01121DE56F8600208022 /* NetworkManager */ = {
			isa = PBXGroup;
			children = (
				6AAA01131DE56F8600208022 /* APIHelpers */,
				6AAA011D1DE56F8600208022 /* APIManagers */,
				6AAA01201DE56F8600208022 /* Requests */,
				6AAA01231DE56F8600208022 /* Services */,
				6AAA01281DE56F8600208022 /* ViewControllers */,
			);
			path = NetworkManager;
			sourceTree = "<group>";
		};
		6AAA01131DE56F8600208022 /* APIHelpers */ = {
			isa = PBXGroup;
			children = (
				6AAA01141DE56F8600208022 /* APIInteractor.h */,
				6AAA01151DE56F8600208022 /* APIInteractorProvider.h */,
				6AAA01161DE56F8600208022 /* APIInteractorProvider.m */,
				6AAA01171DE56F8600208022 /* NetworkHttpClient.h */,
				6AAA01181DE56F8600208022 /* NetworkHttpClient.m */,
				6AAA01191DE56F8600208022 /* RealAPI.h */,
				6AAA011A1DE56F8600208022 /* RealAPI.m */,
				6AAA011B1DE56F8600208022 /* TestAPI.h */,
				6AAA011C1DE56F8600208022 /* TestAPI.m */,
			);
			path = APIHelpers;
			sourceTree = "<group>";
		};
		6AAA011D1DE56F8600208022 /* APIManagers */ = {
			isa = PBXGroup;
			children = (
				6AAA011E1DE56F8600208022 /* RequestManager.h */,
				6AAA011F1DE56F8600208022 /* RequestManager.m */,
			);
			path = APIManagers;
			sourceTree = "<group>";
		};
		6AAA01201DE56F8600208022 /* Requests */ = {
			isa = PBXGroup;
			children = (
				6A3F7A711DEC6F820070415C /* SupportRequest.h */,
				6A3F7A721DEC6F820070415C /* SupportRequest.m */,
				6AAA01211DE56F8600208022 /* Request.h */,
				6AAA01221DE56F8600208022 /* Request.m */,
				6A7D95AE1DE6C5120065573E /* UserRequest.h */,
				6A7D95AF1DE6C5120065573E /* UserRequest.m */,
				5C5309DE1DE6C865005E14A4 /* LoginRequest.h */,
				5C5309DF1DE6C865005E14A4 /* LoginRequest.m */,
				6A63D1B11DF0261A00B8E188 /* ExcerciseRequest.h */,
				6A63D1B21DF0261A00B8E188 /* ExcerciseRequest.m */,
			);
			path = Requests;
			sourceTree = "<group>";
		};
		6AAA01231DE56F8600208022 /* Services */ = {
			isa = PBXGroup;
			children = (
				6A3F7A741DEC6F920070415C /* SupportInterface.h */,
				6A3F7A751DEC6F920070415C /* SupportInterface.m */,
				6AAA01261DE56F8600208022 /* LoginInterface.h */,
				6AAA01271DE56F8600208022 /* LoginInterface.m */,
				6A7D95B81DE6CD6A0065573E /* UserInterface.h */,
				6A7D95B91DE6CD6A0065573E /* UserInterface.m */,
				6A63D1AE1DF025C600B8E188 /* ExcercixeInterface.h */,
				6A63D1AF1DF025C600B8E188 /* ExcercixeInterface.m */,
			);
			path = Services;
			sourceTree = "<group>";
		};
		6AAA01281DE56F8600208022 /* ViewControllers */ = {
			isa = PBXGroup;
			children = (
				6AC2A94D1DEED9DB009A21EF /* GuidedExcerciseSubCategoryView */,
				6AC2A2571DED7E7800196FFA /* GuidedExercise */,
				6A3F7A6A1DEC69810070415C /* SupportScreen */,
				6A98B12F1DE5A49F009F1412 /* MentalSnappViewController */,
				6A2428461DE814A900FF15A9 /* ChangePasswordScreen */,
				6A98B12B1DE5A447009F1412 /* ProfileScreen */,
				6AAA01291DE56F8600208022 /* ViewController.h */,
				6AAA012A1DE56F8600208022 /* ViewController.m */,
				5C8A3A1E1DE5D04100706925 /* LoginViewController.h */,
				5C8A3A1F1DE5D04100706925 /* LoginViewController.m */,
				5CF694FB1DEDBED100F00EA2 /* SignUpViewController.h */,
				5CF694FC1DEDBED100F00EA2 /* SignUpViewController.m */,
				5C545E7A1DF02035004610B0 /* ForgotPasswordFirstViewController.h */,
				5C545E7B1DF02035004610B0 /* ForgotPasswordFirstViewController.m */,
				5C545E7E1DF02281004610B0 /* ForgotPasswordSecondViewController.h */,
				5C545E7F1DF02281004610B0 /* ForgotPasswordSecondViewController.m */,
				5C7BE3C01DE8569200C15CB5 /* TabBar */,
			);
			path = ViewControllers;
			sourceTree = "<group>";
		};
		6AAA012B1DE56F8600208022 /* Resources */ = {
			isa = PBXGroup;
			children = (
				6A7D95E11DE6FA050065573E /* RobotoFont */,
				6AAA012C1DE56F8600208022 /* AppSettings.plist */,
				6AAA012D1DE56F8600208022 /* Localizable.strings */,
			);
			path = Resources;
			sourceTree = "<group>";
		};
		6AAA01301DE56F8600208022 /* StoryboardAndXIBs */ = {
			isa = PBXGroup;
			children = (
				6AAA01311DE56F8600208022 /* LaunchScreen.storyboard */,
				6AAA01321DE56F8600208022 /* Main.storyboard */,
				6A98B1281DE5A3F4009F1412 /* ProfileStoryboard.storyboard */,
			);
			path = StoryboardAndXIBs;
			sourceTree = "<group>";
		};
		6AAA01331DE56F8600208022 /* ViewModels */ = {
			isa = PBXGroup;
			children = (
				6AC2A94B1DEED9B4009A21EF /* GuidedExcercise */,
				6A288EBE1DED8BB100273CCC /* Pagination */,
				6AAA01341DE56F8600208022 /* AppSettings.h */,
				6AAA01351DE56F8600208022 /* AppSettings.m */,
				6AAA01361DE56F8600208022 /* TestModel.h */,
				6AAA01371DE56F8600208022 /* TestModel.m */,
				5CC7CCAA1DE8476F00DC661F /* UserManager.h */,
				5CC7CCAB1DE8476F00DC661F /* UserManager.m */,
				5C8A3A271DE5D5B800706925 /* UserModel.h */,
				5C8A3A281DE5D5B800706925 /* UserModel.m */,
			);
			path = ViewModels;
			sourceTree = "<group>";
		};
		6AAA01381DE56F8600208022 /* MentalSnappTests */ = {
			isa = PBXGroup;
			children = (
				6AAA01391DE56F8600208022 /* Info.plist */,
				6A1D50EE1DE57BEF0073F479 /* MentalSnappTests.m */,
			);
			path = MentalSnappTests;
			sourceTree = "<group>";
		};
		6AAA013B1DE56F8600208022 /* MentalSnappUITests */ = {
			isa = PBXGroup;
			children = (
				6AAA013C1DE56F8600208022 /* Info.plist */,
				6A1D50F01DE57C520073F479 /* MentalSnappUITests.m */,
			);
			path = MentalSnappUITests;
			sourceTree = "<group>";
		};
		6AC2A2571DED7E7800196FFA /* GuidedExercise */ = {
			isa = PBXGroup;
			children = (
				6A288EB61DED864300273CCC /* GuidedExcerciseIconView */,
				6AC2A25D1DED848D00196FFA /* GuidedExcerciseViewController.h */,
				6AC2A25E1DED848D00196FFA /* GuidedExcerciseViewController.m */,
			);
			path = GuidedExercise;
			sourceTree = "<group>";
		};
		6AC2A94B1DEED9B4009A21EF /* GuidedExcercise */ = {
			isa = PBXGroup;
			children = (
				6A63D1A91DF00D2200B8E188 /* GuidedExcercise.h */,
				6A63D1AA1DF00D2200B8E188 /* GuidedExcercise.m */,
			);
			path = GuidedExcercise;
			sourceTree = "<group>";
		};
		6AC2A94D1DEED9DB009A21EF /* GuidedExcerciseSubCategoryView */ = {
			isa = PBXGroup;
			children = (
				6AC2A94E1DEED9FB009A21EF /* ExcerciseSubCategoryViewController.h */,
				6AC2A94F1DEED9FB009A21EF /* ExcerciseSubCategoryViewController.m */,
			);
			path = GuidedExcerciseSubCategoryView;
			sourceTree = "<group>";
		};
		6AC660D31DE5740B00BB8949 /* SMobiLogger */ = {
			isa = PBXGroup;
			children = (
				6AC660D41DE5740B00BB8949 /* .gitignore */,
				6AC660D51DE5740B00BB8949 /* LICENSE.txt */,
				6AC660D61DE5740B00BB8949 /* README.md */,
				6AC660D71DE5740B00BB8949 /* SMobiLogger */,
				6AC660E21DE5740B00BB8949 /* SMobiLogger.podspec */,
				6AC660E31DE5740B00BB8949 /* SMobiLogger.xcodeproj */,
			);
			path = SMobiLogger;
			sourceTree = "<group>";
		};
		6AC660D71DE5740B00BB8949 /* SMobiLogger */ = {
			isa = PBXGroup;
			children = (
				6AC660D81DE5740B00BB8949 /* LoggerConstants.h */,
				6AC660D91DE5740B00BB8949 /* Resources */,
				6AC660DB1DE5740B00BB8949 /* SLog.h */,
				6AC660DC1DE5740B00BB8949 /* SLog.m */,
				6AC660DD1DE5740B00BB8949 /* SMobiLogger-Prefix.pch */,
				6AC660DE1DE5740B00BB8949 /* SMobiLogger.h */,
				6AC660DF1DE5740B00BB8949 /* SMobiLogger.m */,
				6AC660E01DE5740B00BB8949 /* SMobiLogger.xcdatamodeld */,
			);
			path = SMobiLogger;
			sourceTree = "<group>";
		};
		6AC660D91DE5740B00BB8949 /* Resources */ = {
			isa = PBXGroup;
			children = (
				6AC660DA1DE5740B00BB8949 /* Lib.plist */,
			);
			path = Resources;
			sourceTree = "<group>";
		};
		6AC660E41DE5740B00BB8949 /* Products */ = {
			isa = PBXGroup;
			children = (
				6AC660F01DE5740C00BB8949 /* libSMobiLogger.a */,
			);
			name = Products;
			sourceTree = "<group>";
		};
		CEF2466D2BD8B139CFA7E5CE /* Pods */ = {
			isa = PBXGroup;
			children = (
				8D30F0C0BCD48254CA253F4A /* Pods-MentalSnapp.debug.xcconfig */,
				2F7537821A7A1F2617B8A585 /* Pods-MentalSnapp.release.xcconfig */,
			);
			name = Pods;
			sourceTree = "<group>";
		};
		DBB04730B22C9A22F3001E5D /* Frameworks */ = {
			isa = PBXGroup;
			children = (
				6A1D50EA1DE57AC30073F479 /* XCTest.framework */,
				EE5108D01CFEEEC200E8A3F9 /* Social.framework */,
				16BE09BFE2D2D9B160A61EE5 /* libPods-MentalSnapp.a */,
			);
			name = Frameworks;
			sourceTree = "<group>";
		};
		EECB259C1CF5AAF10012E315 = {
			isa = PBXGroup;
			children = (
				6AC660D31DE5740B00BB8949 /* SMobiLogger */,
				6AAA00D51DE56F8500208022 /* MentalSnapp */,
				6AAA01381DE56F8600208022 /* MentalSnappTests */,
				6AAA013B1DE56F8600208022 /* MentalSnappUITests */,
				EECB25A61CF5AAF10012E315 /* Products */,
				DBB04730B22C9A22F3001E5D /* Frameworks */,
				CEF2466D2BD8B139CFA7E5CE /* Pods */,
			);
			sourceTree = "<group>";
		};
		EECB25A61CF5AAF10012E315 /* Products */ = {
			isa = PBXGroup;
			children = (
				EECB25A51CF5AAF10012E315 /* MentalSnapp.app */,
				EECB25C11CF5AAF10012E315 /* MentalSnappTests.xctest */,
				EECB25CC1CF5AAF10012E315 /* MentalSnappUITests.xctest */,
			);
			name = Products;
			sourceTree = "<group>";
		};
/* End PBXGroup section */

/* Begin PBXNativeTarget section */
		EECB25A41CF5AAF10012E315 /* MentalSnapp */ = {
			isa = PBXNativeTarget;
			buildConfigurationList = EECB25D51CF5AAF10012E315 /* Build configuration list for PBXNativeTarget "MentalSnapp" */;
			buildPhases = (
				CE2ECCD4727FED6A83471790 /* [CP] Check Pods Manifest.lock */,
				EECB25A11CF5AAF10012E315 /* Sources */,
				EECB25A21CF5AAF10012E315 /* Frameworks */,
				EECB25A31CF5AAF10012E315 /* Resources */,
				8BF5110F3F922EBC0EC4AEAC /* [CP] Embed Pods Frameworks */,
				0E6FA0E8690BC4CA828A68C7 /* [CP] Copy Pods Resources */,
			);
			buildRules = (
			);
			dependencies = (
			);
			name = MentalSnapp;
			productName = Skeleton;
			productReference = EECB25A51CF5AAF10012E315 /* MentalSnapp.app */;
			productType = "com.apple.product-type.application";
		};
		EECB25C01CF5AAF10012E315 /* MentalSnappTests */ = {
			isa = PBXNativeTarget;
			buildConfigurationList = EECB25D81CF5AAF10012E315 /* Build configuration list for PBXNativeTarget "MentalSnappTests" */;
			buildPhases = (
				EECB25BD1CF5AAF10012E315 /* Sources */,
				EECB25BE1CF5AAF10012E315 /* Frameworks */,
				EECB25BF1CF5AAF10012E315 /* Resources */,
			);
			buildRules = (
			);
			dependencies = (
				EECB25C31CF5AAF10012E315 /* PBXTargetDependency */,
			);
			name = MentalSnappTests;
			productName = SkeletonTests;
			productReference = EECB25C11CF5AAF10012E315 /* MentalSnappTests.xctest */;
			productType = "com.apple.product-type.bundle.unit-test";
		};
		EECB25CB1CF5AAF10012E315 /* MentalSnappUITests */ = {
			isa = PBXNativeTarget;
			buildConfigurationList = EECB25DB1CF5AAF10012E315 /* Build configuration list for PBXNativeTarget "MentalSnappUITests" */;
			buildPhases = (
				EECB25C81CF5AAF10012E315 /* Sources */,
				EECB25C91CF5AAF10012E315 /* Frameworks */,
				EECB25CA1CF5AAF10012E315 /* Resources */,
			);
			buildRules = (
			);
			dependencies = (
				EECB25CE1CF5AAF10012E315 /* PBXTargetDependency */,
			);
			name = MentalSnappUITests;
			productName = SkeletonUITests;
			productReference = EECB25CC1CF5AAF10012E315 /* MentalSnappUITests.xctest */;
			productType = "com.apple.product-type.bundle.ui-testing";
		};
/* End PBXNativeTarget section */

/* Begin PBXProject section */
		EECB259D1CF5AAF10012E315 /* Project object */ = {
			isa = PBXProject;
			attributes = {
				LastUpgradeCheck = 0720;
				ORGANIZATIONNAME = Systango;
				TargetAttributes = {
					EECB25A41CF5AAF10012E315 = {
						CreatedOnToolsVersion = 7.2;
					};
					EECB25C01CF5AAF10012E315 = {
						CreatedOnToolsVersion = 7.2;
						TestTargetID = EECB25A41CF5AAF10012E315;
					};
					EECB25CB1CF5AAF10012E315 = {
						CreatedOnToolsVersion = 7.2;
						TestTargetID = EECB25A41CF5AAF10012E315;
					};
				};
			};
			buildConfigurationList = EECB25A01CF5AAF10012E315 /* Build configuration list for PBXProject "MentalSnapp" */;
			compatibilityVersion = "Xcode 3.2";
			developmentRegion = English;
			hasScannedForEncodings = 0;
			knownRegions = (
				en,
				Base,
			);
			mainGroup = EECB259C1CF5AAF10012E315;
			productRefGroup = EECB25A61CF5AAF10012E315 /* Products */;
			projectDirPath = "";
			projectReferences = (
				{
					ProductGroup = 6AC660E41DE5740B00BB8949 /* Products */;
					ProjectRef = 6AC660E31DE5740B00BB8949 /* SMobiLogger.xcodeproj */;
				},
			);
			projectRoot = "";
			targets = (
				EECB25A41CF5AAF10012E315 /* MentalSnapp */,
				EECB25C01CF5AAF10012E315 /* MentalSnappTests */,
				EECB25CB1CF5AAF10012E315 /* MentalSnappUITests */,
			);
		};
/* End PBXProject section */

/* Begin PBXReferenceProxy section */
		6AC660F01DE5740C00BB8949 /* libSMobiLogger.a */ = {
			isa = PBXReferenceProxy;
			fileType = archive.ar;
			path = libSMobiLogger.a;
			remoteRef = 6AC660EF1DE5740C00BB8949 /* PBXContainerItemProxy */;
			sourceTree = BUILT_PRODUCTS_DIR;
		};
/* End PBXReferenceProxy section */

/* Begin PBXResourcesBuildPhase section */
		EECB25A31CF5AAF10012E315 /* Resources */ = {
			isa = PBXResourcesBuildPhase;
			buildActionMask = 2147483647;
			files = (
				6AAA01671DE56F8600208022 /* LaunchScreen.storyboard in Resources */,
				6A7D95F21DE6FA050065573E /* Roboto-Bold.ttf in Resources */,
				6A7D95F91DE6FA050065573E /* Roboto-Regular.ttf in Resources */,
				6AC660ED1DE5740B00BB8949 /* SMobiLogger.podspec in Resources */,
				6AAA01681DE56F8600208022 /* Main.storyboard in Resources */,
				6AAA01641DE56F8600208022 /* AppSettings.plist in Resources */,
				6AC660E91DE5740B00BB8949 /* Lib.plist in Resources */,
				6A7D95F51DE6FA050065573E /* Roboto-Light.ttf in Resources */,
				6A7D95F01DE6FA050065573E /* Roboto-Black.ttf in Resources */,
				6A7D95F71DE6FA050065573E /* Roboto-Medium.ttf in Resources */,
				6A7D95F41DE6FA050065573E /* Roboto-Italic.ttf in Resources */,
				6AAA01651DE56F8600208022 /* Localizable.strings in Resources */,
				6A7D95F11DE6FA050065573E /* Roboto-BlackItalic.ttf in Resources */,
				6A7D95F61DE6FA050065573E /* Roboto-LightItalic.ttf in Resources */,
				6A7D95FB1DE6FA050065573E /* Roboto-ThinItalic.ttf in Resources */,
				6A7D95FA1DE6FA050065573E /* Roboto-Thin.ttf in Resources */,
				6AC660E61DE5740B00BB8949 /* .gitignore in Resources */,
				6A7D95EF1DE6FA050065573E /* Apache License.txt in Resources */,
				6AC660E71DE5740B00BB8949 /* LICENSE.txt in Resources */,
				6A7D95F31DE6FA050065573E /* Roboto-BoldItalic.ttf in Resources */,
				6A7D95F81DE6FA050065573E /* Roboto-MediumItalic.ttf in Resources */,
				6AAA013F1DE56F8600208022 /* Assets.xcassets in Resources */,
				6A98B1291DE5A3F4009F1412 /* ProfileStoryboard.storyboard in Resources */,
			);
			runOnlyForDeploymentPostprocessing = 0;
		};
		EECB25BF1CF5AAF10012E315 /* Resources */ = {
			isa = PBXResourcesBuildPhase;
			buildActionMask = 2147483647;
			files = (
				6A1D50E71DE57A140073F479 /* Info.plist in Resources */,
				6AC660F41DE576E500BB8949 /* MentalSnappTests.xctest in Resources */,
				6A1D50E81DE57A170073F479 /* Info.plist in Resources */,
			);
			runOnlyForDeploymentPostprocessing = 0;
		};
		EECB25CA1CF5AAF10012E315 /* Resources */ = {
			isa = PBXResourcesBuildPhase;
			buildActionMask = 2147483647;
			files = (
				6AC660F51DE576E500BB8949 /* MentalSnappTests.xctest in Resources */,
			);
			runOnlyForDeploymentPostprocessing = 0;
		};
/* End PBXResourcesBuildPhase section */

/* Begin PBXShellScriptBuildPhase section */
		0E6FA0E8690BC4CA828A68C7 /* [CP] Copy Pods Resources */ = {
			isa = PBXShellScriptBuildPhase;
			buildActionMask = 2147483647;
			files = (
			);
			inputPaths = (
			);
			name = "[CP] Copy Pods Resources";
			outputPaths = (
			);
			runOnlyForDeploymentPostprocessing = 0;
			shellPath = /bin/sh;
			shellScript = "\"${SRCROOT}/Pods/Target Support Files/Pods-MentalSnapp/Pods-MentalSnapp-resources.sh\"\n";
			showEnvVarsInLog = 0;
		};
		8BF5110F3F922EBC0EC4AEAC /* [CP] Embed Pods Frameworks */ = {
			isa = PBXShellScriptBuildPhase;
			buildActionMask = 2147483647;
			files = (
			);
			inputPaths = (
			);
			name = "[CP] Embed Pods Frameworks";
			outputPaths = (
			);
			runOnlyForDeploymentPostprocessing = 0;
			shellPath = /bin/sh;
			shellScript = "\"${SRCROOT}/Pods/Target Support Files/Pods-MentalSnapp/Pods-MentalSnapp-frameworks.sh\"\n";
			showEnvVarsInLog = 0;
		};
		CE2ECCD4727FED6A83471790 /* [CP] Check Pods Manifest.lock */ = {
			isa = PBXShellScriptBuildPhase;
			buildActionMask = 2147483647;
			files = (
			);
			inputPaths = (
			);
			name = "[CP] Check Pods Manifest.lock";
			outputPaths = (
			);
			runOnlyForDeploymentPostprocessing = 0;
			shellPath = /bin/sh;
			shellScript = "diff \"${PODS_ROOT}/../Podfile.lock\" \"${PODS_ROOT}/Manifest.lock\" > /dev/null\nif [ $? != 0 ] ; then\n    # print error to STDERR\n    echo \"error: The sandbox is not in sync with the Podfile.lock. Run 'pod install' or update your CocoaPods installation.\" >&2\n    exit 1\nfi\n";
			showEnvVarsInLog = 0;
		};
/* End PBXShellScriptBuildPhase section */

/* Begin PBXSourcesBuildPhase section */
		EECB25A11CF5AAF10012E315 /* Sources */ = {
			isa = PBXSourcesBuildPhase;
			buildActionMask = 2147483647;
			files = (
				6A3F7A7C1DEC758C0070415C /* GZIP.m in Sources */,
				5C7BE3D81DE882CC00C15CB5 /* ReportIssueViewController.m in Sources */,
				6A1D50E21DE5793B0073F479 /* Info.plist in Sources */,
				6A1D50E11DE5792C0073F479 /* Info.plist in Sources */,
				6AAA01431DE56F8600208022 /* NSDictionary+Properties.m in Sources */,
				6AAA01541DE56F8600208022 /* NSObject+RMCopyable.m in Sources */,
				6A288EBC1DED882200273CCC /* guidedExcerciseCellCollectionViewCell.m in Sources */,
				6AAA015F1DE56F8600208022 /* RequestManager.m in Sources */,
				6A3F7A6D1DEC69810070415C /* SupportScreenViewController.m in Sources */,
				6AAA014B1DE56F8600208022 /* UIImage+ImageBlur.m in Sources */,
				6AAA014A1DE56F8600208022 /* UIImage+fixOrientation.m in Sources */,
				5CF694FD1DEDBED100F00EA2 /* SignUpViewController.m in Sources */,
				6AAA01511DE56F8600208022 /* Util.m in Sources */,
				6AAA016A1DE56F8600208022 /* TestModel.m in Sources */,
				6A3F7A731DEC6F820070415C /* SupportRequest.m in Sources */,
				6A288EC61DED8BB100273CCC /* DatePaginate.m in Sources */,
				5CC7CCAC1DE8476F00DC661F /* UserManager.m in Sources */,
				6AAA01531DE56F8600208022 /* NSObject+RMArchivable.m in Sources */,
				5C7BE3DC1DE8869700C15CB5 /* ExerciseViewController.m in Sources */,
				5C8A3A261DE5D26300706925 /* Banner.m in Sources */,
				6AC2A9501DEED9FB009A21EF /* ExcerciseSubCategoryViewController.m in Sources */,
				5C7BE3E21DE886D600C15CB5 /* StatsViewController.m in Sources */,
				6AAA014F1DE56F8600208022 /* UIView+LayerOperation.m in Sources */,
				6A7387E21DF1734200D3A981 /* SubCategoryTableViewCell.m in Sources */,
				6AAA01601DE56F8600208022 /* Request.m in Sources */,
				5C5309E01DE6C865005E14A4 /* LoginRequest.m in Sources */,
				6AAA01581DE56F8600208022 /* AppSettingsManager.m in Sources */,
				6AAA01411DE56F8600208022 /* NSArray+Properties.m in Sources */,
				5C8A3A201DE5D04100706925 /* LoginViewController.m in Sources */,
				6AAA01461DE56F8600208022 /* UIApplication+Properties.m in Sources */,
				6AAA01561DE56F8600208022 /* RMMapper.m in Sources */,
				6AAA01491DE56F8600208022 /* UIFont+Properties.m in Sources */,
				6A7D95B01DE6C5120065573E /* UserRequest.m in Sources */,
				6AAA01471DE56F8600208022 /* UIButton+Properties.m in Sources */,
				6A7D95BA1DE6CD6A0065573E /* UserInterface.m in Sources */,
				6AAA01591DE56F8600208022 /* RemoteNotificationManager.m in Sources */,
				6A98B12E1DE5A463009F1412 /* ProfileViewController.m in Sources */,
				6AAA015A1DE56F8600208022 /* SocialManager.m in Sources */,
				5C7BE3C41DE8570100C15CB5 /* MainTabBarController.m in Sources */,
				5C7BE3E51DE8877400C15CB5 /* QueuedExercisesViewController.m in Sources */,
				6A288EC51DED8BB100273CCC /* CommentsPaginate.m in Sources */,
				6AAA014E1DE56F8600208022 /* UIView+Badge.m in Sources */,
				6AAA015B1DE56F8600208022 /* APIInteractorProvider.m in Sources */,
				6AAA01481DE56F8600208022 /* UIColor+Properties.m in Sources */,
				6AC660EA1DE5740B00BB8949 /* SLog.m in Sources */,
				5C7BE3D01DE85BDC00C15CB5 /* MoreViewController.m in Sources */,
				6AAA01621DE56F8600208022 /* LoginInterface.m in Sources */,
				6A63D1B31DF0261A00B8E188 /* ExcerciseRequest.m in Sources */,
				6AAA01421DE56F8600208022 /* NSDate+Properties.m in Sources */,
				6AC660E81DE5740B00BB8949 /* README.md in Sources */,
				5C7BE3DF1DE886BA00C15CB5 /* RecordViewController.m in Sources */,
				5C7BE3D41DE86F3900C15CB5 /* MoreTableViewCell.m in Sources */,
				6AAA01691DE56F8600208022 /* AppSettings.m in Sources */,
				5C545E7C1DF02035004610B0 /* ForgotPasswordFirstViewController.m in Sources */,
				6AAA01451DE56F8600208022 /* NSURL+Properties.m in Sources */,
				6AAA014C1DE56F8600208022 /* UIImage+ImageEffects.m in Sources */,
				6AAA01501DE56F8600208022 /* UIView+ReFrame.m in Sources */,
				6AAA013E1DE56F8600208022 /* AppDelegate.m in Sources */,
				6AAA01441DE56F8600208022 /* NSString+Properties.m in Sources */,
				6AC660EC1DE5740B00BB8949 /* SMobiLogger.xcdatamodeld in Sources */,
				5C8A3A291DE5D5B800706925 /* UserModel.m in Sources */,
				6A98B1321DE5A4BA009F1412 /* MSViewController.m in Sources */,
				6AAA01551DE56F8600208022 /* NSUserDefaults+RMSaveCustomObject.m in Sources */,
				6AC2A25F1DED848D00196FFA /* GuidedExcerciseViewController.m in Sources */,
				6A63D1B01DF025C600B8E188 /* ExcercixeInterface.m in Sources */,
				6AAA015C1DE56F8600208022 /* NetworkHttpClient.m in Sources */,
				6AAA01631DE56F8600208022 /* ViewController.m in Sources */,
				6AAA015E1DE56F8600208022 /* TestAPI.m in Sources */,
				6AC660EB1DE5740B00BB8949 /* SMobiLogger.m in Sources */,
				6A24284A1DE814CD00FF15A9 /* ChangePasswordViewController.m in Sources */,
				6A63D1AB1DF00D2200B8E188 /* GuidedExcercise.m in Sources */,
				6A288EC71DED8BB100273CCC /* Paginate.m in Sources */,
				6A3F7A761DEC6F920070415C /* SupportInterface.m in Sources */,
				6AAA01401DE56F8600208022 /* Constants.m in Sources */,
				6AAA01571DE56F8600208022 /* main.m in Sources */,
				6AAA015D1DE56F8600208022 /* RealAPI.m in Sources */,
				5C545E801DF02281004610B0 /* ForgotPasswordSecondViewController.m in Sources */,
				6AAA014D1DE56F8600208022 /* UILabel+Properties.m in Sources */,
			);
			runOnlyForDeploymentPostprocessing = 0;
		};
		EECB25BD1CF5AAF10012E315 /* Sources */ = {
			isa = PBXSourcesBuildPhase;
			buildActionMask = 2147483647;
			files = (
				6A1D50EF1DE57BEF0073F479 /* MentalSnappTests.m in Sources */,
			);
			runOnlyForDeploymentPostprocessing = 0;
		};
		EECB25C81CF5AAF10012E315 /* Sources */ = {
			isa = PBXSourcesBuildPhase;
			buildActionMask = 2147483647;
			files = (
				6A1D50F11DE57C520073F479 /* MentalSnappUITests.m in Sources */,
			);
			runOnlyForDeploymentPostprocessing = 0;
		};
/* End PBXSourcesBuildPhase section */

/* Begin PBXTargetDependency section */
		EECB25C31CF5AAF10012E315 /* PBXTargetDependency */ = {
			isa = PBXTargetDependency;
			target = EECB25A41CF5AAF10012E315 /* MentalSnapp */;
			targetProxy = EECB25C21CF5AAF10012E315 /* PBXContainerItemProxy */;
		};
		EECB25CE1CF5AAF10012E315 /* PBXTargetDependency */ = {
			isa = PBXTargetDependency;
			target = EECB25A41CF5AAF10012E315 /* MentalSnapp */;
			targetProxy = EECB25CD1CF5AAF10012E315 /* PBXContainerItemProxy */;
		};
/* End PBXTargetDependency section */

/* Begin XCBuildConfiguration section */
		EECB25D31CF5AAF10012E315 /* Debug */ = {
			isa = XCBuildConfiguration;
			buildSettings = {
				ALWAYS_SEARCH_USER_PATHS = NO;
				CLANG_CXX_LANGUAGE_STANDARD = "gnu++0x";
				CLANG_CXX_LIBRARY = "libc++";
				CLANG_ENABLE_MODULES = YES;
				CLANG_ENABLE_OBJC_ARC = YES;
				CLANG_WARN_BOOL_CONVERSION = YES;
				CLANG_WARN_CONSTANT_CONVERSION = YES;
				CLANG_WARN_DIRECT_OBJC_ISA_USAGE = YES_ERROR;
				CLANG_WARN_EMPTY_BODY = YES;
				CLANG_WARN_ENUM_CONVERSION = YES;
				CLANG_WARN_INT_CONVERSION = YES;
				CLANG_WARN_OBJC_ROOT_CLASS = YES_ERROR;
				CLANG_WARN_UNREACHABLE_CODE = YES;
				CLANG_WARN__DUPLICATE_METHOD_MATCH = YES;
				"CODE_SIGN_IDENTITY[sdk=iphoneos*]" = "iPhone Developer";
				COPY_PHASE_STRIP = NO;
				DEBUG_INFORMATION_FORMAT = dwarf;
				ENABLE_STRICT_OBJC_MSGSEND = YES;
				ENABLE_TESTABILITY = YES;
				GCC_C_LANGUAGE_STANDARD = gnu99;
				GCC_DYNAMIC_NO_PIC = NO;
				GCC_NO_COMMON_BLOCKS = YES;
				GCC_OPTIMIZATION_LEVEL = 0;
				GCC_PREPROCESSOR_DEFINITIONS = (
					"DEBUG=1",
					"$(inherited)",
				);
				GCC_WARN_64_TO_32_BIT_CONVERSION = YES;
				GCC_WARN_ABOUT_RETURN_TYPE = YES_ERROR;
				GCC_WARN_UNDECLARED_SELECTOR = YES;
				GCC_WARN_UNINITIALIZED_AUTOS = YES_AGGRESSIVE;
				GCC_WARN_UNUSED_FUNCTION = YES;
				GCC_WARN_UNUSED_VARIABLE = YES;
				IPHONEOS_DEPLOYMENT_TARGET = 9.2;
				MTL_ENABLE_DEBUG_INFO = YES;
				ONLY_ACTIVE_ARCH = YES;
				SDKROOT = iphoneos;
			};
			name = Debug;
		};
		EECB25D41CF5AAF10012E315 /* Release */ = {
			isa = XCBuildConfiguration;
			buildSettings = {
				ALWAYS_SEARCH_USER_PATHS = NO;
				CLANG_CXX_LANGUAGE_STANDARD = "gnu++0x";
				CLANG_CXX_LIBRARY = "libc++";
				CLANG_ENABLE_MODULES = YES;
				CLANG_ENABLE_OBJC_ARC = YES;
				CLANG_WARN_BOOL_CONVERSION = YES;
				CLANG_WARN_CONSTANT_CONVERSION = YES;
				CLANG_WARN_DIRECT_OBJC_ISA_USAGE = YES_ERROR;
				CLANG_WARN_EMPTY_BODY = YES;
				CLANG_WARN_ENUM_CONVERSION = YES;
				CLANG_WARN_INT_CONVERSION = YES;
				CLANG_WARN_OBJC_ROOT_CLASS = YES_ERROR;
				CLANG_WARN_UNREACHABLE_CODE = YES;
				CLANG_WARN__DUPLICATE_METHOD_MATCH = YES;
				"CODE_SIGN_IDENTITY[sdk=iphoneos*]" = "iPhone Developer";
				COPY_PHASE_STRIP = NO;
				DEBUG_INFORMATION_FORMAT = "dwarf-with-dsym";
				ENABLE_NS_ASSERTIONS = NO;
				ENABLE_STRICT_OBJC_MSGSEND = YES;
				GCC_C_LANGUAGE_STANDARD = gnu99;
				GCC_NO_COMMON_BLOCKS = YES;
				GCC_WARN_64_TO_32_BIT_CONVERSION = YES;
				GCC_WARN_ABOUT_RETURN_TYPE = YES_ERROR;
				GCC_WARN_UNDECLARED_SELECTOR = YES;
				GCC_WARN_UNINITIALIZED_AUTOS = YES_AGGRESSIVE;
				GCC_WARN_UNUSED_FUNCTION = YES;
				GCC_WARN_UNUSED_VARIABLE = YES;
				IPHONEOS_DEPLOYMENT_TARGET = 9.2;
				MTL_ENABLE_DEBUG_INFO = NO;
				SDKROOT = iphoneos;
				VALIDATE_PRODUCT = YES;
			};
			name = Release;
		};
		EECB25D61CF5AAF10012E315 /* Debug */ = {
			isa = XCBuildConfiguration;
			baseConfigurationReference = 8D30F0C0BCD48254CA253F4A /* Pods-MentalSnapp.debug.xcconfig */;
			buildSettings = {
				ASSETCATALOG_COMPILER_APPICON_NAME = AppIcon;
				FRAMEWORK_SEARCH_PATHS = "$(inherited) ";
				GCC_PREFIX_HEADER = MentalSnapp/MentalSnappPrefixHeader.pch;
				GCC_TREAT_WARNINGS_AS_ERRORS = NO;
				INFOPLIST_FILE = MentalSnapp/Info.plist;
				IPHONEOS_DEPLOYMENT_TARGET = 9.0;
				LD_RUNPATH_SEARCH_PATHS = "$(inherited) @executable_path/Frameworks";
				PRODUCT_BUNDLE_IDENTIFIER = com.Systango.Skeleton;
				PRODUCT_NAME = "$(TARGET_NAME)";
			};
			name = Debug;
		};
		EECB25D71CF5AAF10012E315 /* Release */ = {
			isa = XCBuildConfiguration;
			baseConfigurationReference = 2F7537821A7A1F2617B8A585 /* Pods-MentalSnapp.release.xcconfig */;
			buildSettings = {
				ASSETCATALOG_COMPILER_APPICON_NAME = AppIcon;
				FRAMEWORK_SEARCH_PATHS = "$(inherited) ";
				GCC_PREFIX_HEADER = MentalSnapp/MentalSnappPrefixHeader.pch;
				GCC_TREAT_WARNINGS_AS_ERRORS = NO;
				INFOPLIST_FILE = MentalSnapp/Info.plist;
				IPHONEOS_DEPLOYMENT_TARGET = 9.0;
				LD_RUNPATH_SEARCH_PATHS = "$(inherited) @executable_path/Frameworks";
				PRODUCT_BUNDLE_IDENTIFIER = com.Systango.Skeleton;
				PRODUCT_NAME = "$(TARGET_NAME)";
			};
			name = Release;
		};
		EECB25D91CF5AAF10012E315 /* Debug */ = {
			isa = XCBuildConfiguration;
			buildSettings = {
				BUNDLE_LOADER = "$(TEST_HOST)";
				INFOPLIST_FILE = MentalSnappTests/Info.plist;
				LD_RUNPATH_SEARCH_PATHS = "$(inherited) @executable_path/Frameworks @loader_path/Frameworks";
				PRODUCT_BUNDLE_IDENTIFIER = Systango.SkeletonTests;
				PRODUCT_NAME = "$(TARGET_NAME)";
				TEST_HOST = "$(BUILT_PRODUCTS_DIR)/MentalSnapp.app/MentalSnapp";
			};
			name = Debug;
		};
		EECB25DA1CF5AAF10012E315 /* Release */ = {
			isa = XCBuildConfiguration;
			buildSettings = {
				BUNDLE_LOADER = "$(TEST_HOST)";
				INFOPLIST_FILE = MentalSnappTests/Info.plist;
				LD_RUNPATH_SEARCH_PATHS = "$(inherited) @executable_path/Frameworks @loader_path/Frameworks";
				PRODUCT_BUNDLE_IDENTIFIER = Systango.SkeletonTests;
				PRODUCT_NAME = "$(TARGET_NAME)";
				TEST_HOST = "$(BUILT_PRODUCTS_DIR)/MentalSnapp.app/MentalSnapp";
			};
			name = Release;
		};
		EECB25DC1CF5AAF10012E315 /* Debug */ = {
			isa = XCBuildConfiguration;
			buildSettings = {
				INFOPLIST_FILE = MentalSnappUITests/Info.plist;
				LD_RUNPATH_SEARCH_PATHS = "$(inherited) @executable_path/Frameworks @loader_path/Frameworks";
				PRODUCT_BUNDLE_IDENTIFIER = Systango.SkeletonUITests;
				PRODUCT_NAME = "$(TARGET_NAME)";
				TEST_TARGET_NAME = MentalSnapp;
				USES_XCTRUNNER = YES;
			};
			name = Debug;
		};
		EECB25DD1CF5AAF10012E315 /* Release */ = {
			isa = XCBuildConfiguration;
			buildSettings = {
				INFOPLIST_FILE = MentalSnappUITests/Info.plist;
				LD_RUNPATH_SEARCH_PATHS = "$(inherited) @executable_path/Frameworks @loader_path/Frameworks";
				PRODUCT_BUNDLE_IDENTIFIER = Systango.SkeletonUITests;
				PRODUCT_NAME = "$(TARGET_NAME)";
				TEST_TARGET_NAME = MentalSnapp;
				USES_XCTRUNNER = YES;
			};
			name = Release;
		};
/* End XCBuildConfiguration section */

/* Begin XCConfigurationList section */
		EECB25A01CF5AAF10012E315 /* Build configuration list for PBXProject "MentalSnapp" */ = {
			isa = XCConfigurationList;
			buildConfigurations = (
				EECB25D31CF5AAF10012E315 /* Debug */,
				EECB25D41CF5AAF10012E315 /* Release */,
			);
			defaultConfigurationIsVisible = 0;
			defaultConfigurationName = Release;
		};
		EECB25D51CF5AAF10012E315 /* Build configuration list for PBXNativeTarget "MentalSnapp" */ = {
			isa = XCConfigurationList;
			buildConfigurations = (
				EECB25D61CF5AAF10012E315 /* Debug */,
				EECB25D71CF5AAF10012E315 /* Release */,
			);
			defaultConfigurationIsVisible = 0;
			defaultConfigurationName = Release;
		};
		EECB25D81CF5AAF10012E315 /* Build configuration list for PBXNativeTarget "MentalSnappTests" */ = {
			isa = XCConfigurationList;
			buildConfigurations = (
				EECB25D91CF5AAF10012E315 /* Debug */,
				EECB25DA1CF5AAF10012E315 /* Release */,
			);
			defaultConfigurationIsVisible = 0;
			defaultConfigurationName = Release;
		};
		EECB25DB1CF5AAF10012E315 /* Build configuration list for PBXNativeTarget "MentalSnappUITests" */ = {
			isa = XCConfigurationList;
			buildConfigurations = (
				EECB25DC1CF5AAF10012E315 /* Debug */,
				EECB25DD1CF5AAF10012E315 /* Release */,
			);
			defaultConfigurationIsVisible = 0;
			defaultConfigurationName = Release;
		};
/* End XCConfigurationList section */

/* Begin XCVersionGroup section */
		6AC660E01DE5740B00BB8949 /* SMobiLogger.xcdatamodeld */ = {
			isa = XCVersionGroup;
			children = (
				6AC660E11DE5740B00BB8949 /* SMobiLogger.xcdatamodel */,
			);
			currentVersion = 6AC660E11DE5740B00BB8949 /* SMobiLogger.xcdatamodel */;
			path = SMobiLogger.xcdatamodeld;
			sourceTree = "<group>";
			versionGroupType = wrapper.xcdatamodel;
		};
/* End XCVersionGroup section */
	};
	rootObject = EECB259D1CF5AAF10012E315 /* Project object */;
}
